// !$*UTF8*$!
{
	archiveVersion = 1;
	classes = {
	};
	objectVersion = 50;
	objects = {

/* Begin PBXBuildFile section */
		CE06432826EC087200073706 /* Interactor.swift in Sources */ = {isa = PBXBuildFile; fileRef = CE06432726EC087200073706 /* Interactor.swift */; };
		CE06432926EC087200073706 /* Interactor.swift in Sources */ = {isa = PBXBuildFile; fileRef = CE06432726EC087200073706 /* Interactor.swift */; };
		CE068B0126D5870300E82573 /* CoreDataManager+Actions.swift in Sources */ = {isa = PBXBuildFile; fileRef = CE068B0026D5870300E82573 /* CoreDataManager+Actions.swift */; };
		CE068B0226D5870300E82573 /* CoreDataManager+Actions.swift in Sources */ = {isa = PBXBuildFile; fileRef = CE068B0026D5870300E82573 /* CoreDataManager+Actions.swift */; };
		CE068B0526D587A300E82573 /* EntityType.swift in Sources */ = {isa = PBXBuildFile; fileRef = CE068B0426D587A300E82573 /* EntityType.swift */; };
		CE068B0626D587A300E82573 /* EntityType.swift in Sources */ = {isa = PBXBuildFile; fileRef = CE068B0426D587A300E82573 /* EntityType.swift */; };
		CE068B0826D587DE00E82573 /* Array+Extension.swift in Sources */ = {isa = PBXBuildFile; fileRef = CE068B0726D587DE00E82573 /* Array+Extension.swift */; };
		CE068B0926D587DE00E82573 /* Array+Extension.swift in Sources */ = {isa = PBXBuildFile; fileRef = CE068B0726D587DE00E82573 /* Array+Extension.swift */; };
		CE068B0B26D589B300E82573 /* DateManager.swift in Sources */ = {isa = PBXBuildFile; fileRef = CE068B0A26D589B300E82573 /* DateManager.swift */; };
		CE068B0C26D589B300E82573 /* DateManager.swift in Sources */ = {isa = PBXBuildFile; fileRef = CE068B0A26D589B300E82573 /* DateManager.swift */; };
		CE068B1426D5956900E82573 /* MAC_ToolbarView.swift in Sources */ = {isa = PBXBuildFile; fileRef = CE068B1326D5956900E82573 /* MAC_ToolbarView.swift */; };
		CE068B1626D5AD7400E82573 /* IOSScreen.swift in Sources */ = {isa = PBXBuildFile; fileRef = CE068B1526D5AD7400E82573 /* IOSScreen.swift */; };
		CE068B1826D5AE1300E82573 /* AppState+Downcasting.swift in Sources */ = {isa = PBXBuildFile; fileRef = CE068B1726D5AE1300E82573 /* AppState+Downcasting.swift */; };
		CE068B1926D5AE1300E82573 /* AppState+Downcasting.swift in Sources */ = {isa = PBXBuildFile; fileRef = CE068B1726D5AE1300E82573 /* AppState+Downcasting.swift */; };
		CE068B2926D6E3A700E82573 /* IOS_ProjectRow.swift in Sources */ = {isa = PBXBuildFile; fileRef = CE068B2826D6E3A700E82573 /* IOS_ProjectRow.swift */; };
		CE068B3526D83DE000E82573 /* KeyboardResponder.swift in Sources */ = {isa = PBXBuildFile; fileRef = CE068B3426D83DE000E82573 /* KeyboardResponder.swift */; };
		CE068B3826D83EC600E82573 /* AboveKeyboardView.swift in Sources */ = {isa = PBXBuildFile; fileRef = CE068B3726D83EC600E82573 /* AboveKeyboardView.swift */; };
		CE068B3A26D9610F00E82573 /* IOS_TaskRow.swift in Sources */ = {isa = PBXBuildFile; fileRef = CE068B3926D9610F00E82573 /* IOS_TaskRow.swift */; };
		CE068B3C26D9620300E82573 /* IOS_ToolView.swift in Sources */ = {isa = PBXBuildFile; fileRef = CE068B3B26D9620300E82573 /* IOS_ToolView.swift */; };
		CE163C1726EFFD5A00DA1323 /* TestViewNewDesign.swift in Sources */ = {isa = PBXBuildFile; fileRef = CE163C1626EFFD5A00DA1323 /* TestViewNewDesign.swift */; };
		CE2BF6E526D3CF3A00743E81 /* Task_CD+CoreDataClass.swift in Sources */ = {isa = PBXBuildFile; fileRef = CE2BF6E126D3CF3A00743E81 /* Task_CD+CoreDataClass.swift */; };
		CE2BF6E626D3CF3A00743E81 /* Task_CD+CoreDataClass.swift in Sources */ = {isa = PBXBuildFile; fileRef = CE2BF6E126D3CF3A00743E81 /* Task_CD+CoreDataClass.swift */; };
		CE2BF6E926D3CF3A00743E81 /* Project_CD+CoreDataClass.swift in Sources */ = {isa = PBXBuildFile; fileRef = CE2BF6E326D3CF3A00743E81 /* Project_CD+CoreDataClass.swift */; };
		CE2BF6EA26D3CF3A00743E81 /* Project_CD+CoreDataClass.swift in Sources */ = {isa = PBXBuildFile; fileRef = CE2BF6E326D3CF3A00743E81 /* Project_CD+CoreDataClass.swift */; };
		CE2E66F826C919E800AB6282 /* ContentView.swift in Sources */ = {isa = PBXBuildFile; fileRef = CE2E66E126C919E700AB6282 /* ContentView.swift */; };
		CE2E66F926C919E800AB6282 /* ContentView.swift in Sources */ = {isa = PBXBuildFile; fileRef = CE2E66E126C919E700AB6282 /* ContentView.swift */; };
		CE2E66FC26C919E800AB6282 /* Assets.xcassets in Resources */ = {isa = PBXBuildFile; fileRef = CE2E66E326C919E800AB6282 /* Assets.xcassets */; };
		CE2E66FD26C919E800AB6282 /* Assets.xcassets in Resources */ = {isa = PBXBuildFile; fileRef = CE2E66E326C919E800AB6282 /* Assets.xcassets */; };
		CE2E670926C919FB00AB6282 /* CloudKit.framework in Frameworks */ = {isa = PBXBuildFile; fileRef = CE2E670826C919FB00AB6282 /* CloudKit.framework */; };
		CE2E670B26C91A1300AB6282 /* CloudKit.framework in Frameworks */ = {isa = PBXBuildFile; fileRef = CE2E670A26C91A1300AB6282 /* CloudKit.framework */; };
		CE2E670D26C9B3CE00AB6282 /* InputInteractor.swift in Sources */ = {isa = PBXBuildFile; fileRef = CE2E670C26C9B3CE00AB6282 /* InputInteractor.swift */; };
		CE2E670E26C9B3CE00AB6282 /* InputInteractor.swift in Sources */ = {isa = PBXBuildFile; fileRef = CE2E670C26C9B3CE00AB6282 /* InputInteractor.swift */; };
		CE2E671126C9B42F00AB6282 /* Model.xcdatamodeld in Sources */ = {isa = PBXBuildFile; fileRef = CE2E670F26C9B42F00AB6282 /* Model.xcdatamodeld */; };
		CE2E671226C9B42F00AB6282 /* Model.xcdatamodeld in Sources */ = {isa = PBXBuildFile; fileRef = CE2E670F26C9B42F00AB6282 /* Model.xcdatamodeld */; };
		CE2E671326C9B4A600AB6282 /* ScreenFactory.swift in Sources */ = {isa = PBXBuildFile; fileRef = CED0436626C93C8800B7D003 /* ScreenFactory.swift */; };
		CE2E671426C9B4B800AB6282 /* IOS_InputDetailsScreen.swift in Sources */ = {isa = PBXBuildFile; fileRef = CED0437426C93C9700B7D003 /* IOS_InputDetailsScreen.swift */; };
		CE2E671626C9B52A00AB6282 /* Trening_icloud3.swift in Sources */ = {isa = PBXBuildFile; fileRef = CE2E671526C9B52A00AB6282 /* Trening_icloud3.swift */; };
		CE2E671726C9B52A00AB6282 /* Trening_icloud3.swift in Sources */ = {isa = PBXBuildFile; fileRef = CE2E671526C9B52A00AB6282 /* Trening_icloud3.swift */; };
		CE324AA826CDA7060029B2C4 /* CoreDataManager.swift in Sources */ = {isa = PBXBuildFile; fileRef = CE324AA726CDA7060029B2C4 /* CoreDataManager.swift */; };
		CE324AA926CDA7060029B2C4 /* CoreDataManager.swift in Sources */ = {isa = PBXBuildFile; fileRef = CE324AA726CDA7060029B2C4 /* CoreDataManager.swift */; };
		CE481C5A26E9833A001F838E /* Color+Extensions.swift in Sources */ = {isa = PBXBuildFile; fileRef = CE481C5926E9833A001F838E /* Color+Extensions.swift */; };
		CE481C5B26E9833A001F838E /* Color+Extensions.swift in Sources */ = {isa = PBXBuildFile; fileRef = CE481C5926E9833A001F838E /* Color+Extensions.swift */; };
		CE481D1026EABB1D001F838E /* Task_CD+CoreDataProperties.swift in Sources */ = {isa = PBXBuildFile; fileRef = CEC4BC0B26E6CC7C00692007 /* Task_CD+CoreDataProperties.swift */; };
		CE481D1126EABB20001F838E /* Project_CD+CoreDataProperties.swift in Sources */ = {isa = PBXBuildFile; fileRef = CEC4BC0C26E6CC7C00692007 /* Project_CD+CoreDataProperties.swift */; };
		CE481D1226EABCAD001F838E /* MAC_ProjectDetailsScreen.swift in Sources */ = {isa = PBXBuildFile; fileRef = CED349E526E4FC0E00D5E9EE /* MAC_ProjectDetailsScreen.swift */; };
		CE7057A526F15001001743DD /* MAC_ProjectDetailsScreenViewModel.swift in Sources */ = {isa = PBXBuildFile; fileRef = CE7057A426F15001001743DD /* MAC_ProjectDetailsScreenViewModel.swift */; };
		CEC4BC0A26E6A13700692007 /* TextFieldSmall.swift in Sources */ = {isa = PBXBuildFile; fileRef = CEC4BC0926E6A13700692007 /* TextFieldSmall.swift */; };
		CEC4BC0D26E6CC7C00692007 /* Task_CD+CoreDataProperties.swift in Sources */ = {isa = PBXBuildFile; fileRef = CEC4BC0B26E6CC7C00692007 /* Task_CD+CoreDataProperties.swift */; };
		CEC4BC0E26E6CC7C00692007 /* Project_CD+CoreDataProperties.swift in Sources */ = {isa = PBXBuildFile; fileRef = CEC4BC0C26E6CC7C00692007 /* Project_CD+CoreDataProperties.swift */; };
		CED0433F26C93C5800B7D003 /* AppState.swift in Sources */ = {isa = PBXBuildFile; fileRef = CED0433E26C93C5800B7D003 /* AppState.swift */; };
		CED0434026C93C5800B7D003 /* AppState.swift in Sources */ = {isa = PBXBuildFile; fileRef = CED0433E26C93C5800B7D003 /* AppState.swift */; };
		CED0434726C93C6300B7D003 /* CurrentValueSubject+Extensions.swift in Sources */ = {isa = PBXBuildFile; fileRef = CED0434126C93C6300B7D003 /* CurrentValueSubject+Extensions.swift */; };
		CED0434826C93C6300B7D003 /* CurrentValueSubject+Extensions.swift in Sources */ = {isa = PBXBuildFile; fileRef = CED0434126C93C6300B7D003 /* CurrentValueSubject+Extensions.swift */; };
		CED0434926C93C6300B7D003 /* Container.swift in Sources */ = {isa = PBXBuildFile; fileRef = CED0434226C93C6300B7D003 /* Container.swift */; };
		CED0434A26C93C6300B7D003 /* Container.swift in Sources */ = {isa = PBXBuildFile; fileRef = CED0434226C93C6300B7D003 /* Container.swift */; };
		CED0434B26C93C6300B7D003 /* FilledButtonStyle.swift in Sources */ = {isa = PBXBuildFile; fileRef = CED0434326C93C6300B7D003 /* FilledButtonStyle.swift */; };
		CED0434C26C93C6300B7D003 /* FilledButtonStyle.swift in Sources */ = {isa = PBXBuildFile; fileRef = CED0434326C93C6300B7D003 /* FilledButtonStyle.swift */; };
		CED0435126C93C6300B7D003 /* CustomtextfieldStyle.swift in Sources */ = {isa = PBXBuildFile; fileRef = CED0434626C93C6300B7D003 /* CustomtextfieldStyle.swift */; };
		CED0435226C93C6300B7D003 /* CustomtextfieldStyle.swift in Sources */ = {isa = PBXBuildFile; fileRef = CED0434626C93C6300B7D003 /* CustomtextfieldStyle.swift */; };
		CED0435526C93C7C00B7D003 /* NavigationBar.swift in Sources */ = {isa = PBXBuildFile; fileRef = CED0435326C93C7C00B7D003 /* NavigationBar.swift */; };
		CED0435726C93C7C00B7D003 /* NavigationBarModifier.swift in Sources */ = {isa = PBXBuildFile; fileRef = CED0435426C93C7C00B7D003 /* NavigationBarModifier.swift */; };
		CED0435D26C93C8300B7D003 /* NavigationController.swift in Sources */ = {isa = PBXBuildFile; fileRef = CED0435926C93C8300B7D003 /* NavigationController.swift */; };
		CED0435F26C93C8300B7D003 /* InboxNavigationController.swift in Sources */ = {isa = PBXBuildFile; fileRef = CED0435A26C93C8300B7D003 /* InboxNavigationController.swift */; };
		CED0436126C93C8300B7D003 /* TaskNavigationController.swift in Sources */ = {isa = PBXBuildFile; fileRef = CED0435B26C93C8300B7D003 /* TaskNavigationController.swift */; };
		CED0436326C93C8300B7D003 /* ProjectNavigationController.swift in Sources */ = {isa = PBXBuildFile; fileRef = CED0435C26C93C8300B7D003 /* ProjectNavigationController.swift */; };
		CED0436826C93C8800B7D003 /* Strategy.swift in Sources */ = {isa = PBXBuildFile; fileRef = CED0436526C93C8800B7D003 /* Strategy.swift */; };
		CED0436926C93C8800B7D003 /* Strategy.swift in Sources */ = {isa = PBXBuildFile; fileRef = CED0436526C93C8800B7D003 /* Strategy.swift */; };
		CED0436C26C93C8800B7D003 /* StackScreenViewController.swift in Sources */ = {isa = PBXBuildFile; fileRef = CED0436726C93C8800B7D003 /* StackScreenViewController.swift */; };
		CED0437026C93C9000B7D003 /* StackAction.swift in Sources */ = {isa = PBXBuildFile; fileRef = CED0436E26C93C9000B7D003 /* StackAction.swift */; };
		CED0437226C93C9000B7D003 /* IOS_Router.swift in Sources */ = {isa = PBXBuildFile; fileRef = CED0436F26C93C9000B7D003 /* IOS_Router.swift */; };
		CED0437C26C93C9800B7D003 /* IOS_TasksScreen.swift in Sources */ = {isa = PBXBuildFile; fileRef = CED0437526C93C9700B7D003 /* IOS_TasksScreen.swift */; };
		CED0437E26C93C9800B7D003 /* IOS_TaskDetailsScreen.swift in Sources */ = {isa = PBXBuildFile; fileRef = CED0437626C93C9700B7D003 /* IOS_TaskDetailsScreen.swift */; };
		CED0438026C93C9800B7D003 /* IOS_ProjectDetailsScreen.swift in Sources */ = {isa = PBXBuildFile; fileRef = CED0437726C93C9700B7D003 /* IOS_ProjectDetailsScreen.swift */; };
		CED0438226C93C9800B7D003 /* IOS_InboxScreen.swift in Sources */ = {isa = PBXBuildFile; fileRef = CED0437826C93C9700B7D003 /* IOS_InboxScreen.swift */; };
		CED0438426C93C9800B7D003 /* IOS_ProjectsScreen.swift in Sources */ = {isa = PBXBuildFile; fileRef = CED0437926C93C9800B7D003 /* IOS_ProjectsScreen.swift */; };
		CED0438826C93C9D00B7D003 /* TabBar.swift in Sources */ = {isa = PBXBuildFile; fileRef = CED0438626C93C9D00B7D003 /* TabBar.swift */; };
		CED0438A26C93C9D00B7D003 /* IOS_SType.swift in Sources */ = {isa = PBXBuildFile; fileRef = CED0438726C93C9D00B7D003 /* IOS_SType.swift */; };
		CED0439126C93CAB00B7D003 /* MAC_View.swift in Sources */ = {isa = PBXBuildFile; fileRef = CED0438C26C93CAA00B7D003 /* MAC_View.swift */; };
		CED0439326C93CAB00B7D003 /* MAC_InputDetailsScreen.swift in Sources */ = {isa = PBXBuildFile; fileRef = CED0438D26C93CAA00B7D003 /* MAC_InputDetailsScreen.swift */; };
		CED0439526C93CAB00B7D003 /* MAC_MiddleBarScreen.swift in Sources */ = {isa = PBXBuildFile; fileRef = CED0438E26C93CAA00B7D003 /* MAC_MiddleBarScreen.swift */; };
		CED0439726C93CAB00B7D003 /* MAC_CanvasScreen.swift in Sources */ = {isa = PBXBuildFile; fileRef = CED0438F26C93CAA00B7D003 /* MAC_CanvasScreen.swift */; };
		CED0439D26C93CB100B7D003 /* Route.swift in Sources */ = {isa = PBXBuildFile; fileRef = CED0439826C93CB100B7D003 /* Route.swift */; };
		CED0439F26C93CB100B7D003 /* MAC_SideBarScreen.swift in Sources */ = {isa = PBXBuildFile; fileRef = CED0439926C93CB100B7D003 /* MAC_SideBarScreen.swift */; };
		CED043A126C93CB100B7D003 /* MAC_Router.swift in Sources */ = {isa = PBXBuildFile; fileRef = CED0439A26C93CB100B7D003 /* MAC_Router.swift */; };
		CED043A326C93CB100B7D003 /* MAC_TaskDetailsScreen.swift in Sources */ = {isa = PBXBuildFile; fileRef = CED0439B26C93CB100B7D003 /* MAC_TaskDetailsScreen.swift */; };
		CED043AB26C93CDB00B7D003 /* Models.swift in Sources */ = {isa = PBXBuildFile; fileRef = CED043A426C93CDA00B7D003 /* Models.swift */; };
		CED043AC26C93CDB00B7D003 /* Models.swift in Sources */ = {isa = PBXBuildFile; fileRef = CED043A426C93CDA00B7D003 /* Models.swift */; };
		CED043B126C93CDB00B7D003 /* Interactor+Tasks.swift in Sources */ = {isa = PBXBuildFile; fileRef = CED043A826C93CDA00B7D003 /* Interactor+Tasks.swift */; };
		CED043B226C93CDB00B7D003 /* Interactor+Tasks.swift in Sources */ = {isa = PBXBuildFile; fileRef = CED043A826C93CDA00B7D003 /* Interactor+Tasks.swift */; };
		CED043B326C93CDB00B7D003 /* Interactor+Projects.swift in Sources */ = {isa = PBXBuildFile; fileRef = CED043A926C93CDA00B7D003 /* Interactor+Projects.swift */; };
		CED043B426C93CDB00B7D003 /* Interactor+Projects.swift in Sources */ = {isa = PBXBuildFile; fileRef = CED043A926C93CDA00B7D003 /* Interactor+Projects.swift */; };
		CED043BB26C93CE200B7D003 /* MAC_InputsList.swift in Sources */ = {isa = PBXBuildFile; fileRef = CED043B726C93CE200B7D003 /* MAC_InputsList.swift */; };
		CED043BC26C93CE200B7D003 /* MAC_InputsList.swift in Sources */ = {isa = PBXBuildFile; fileRef = CED043B726C93CE200B7D003 /* MAC_InputsList.swift */; };
		CED043BE26C93CE200B7D003 /* MAC_ProjectsList.swift in Sources */ = {isa = PBXBuildFile; fileRef = CED043B826C93CE200B7D003 /* MAC_ProjectsList.swift */; };
		CED043C026C93CE200B7D003 /* MAC_TasksList.swift in Sources */ = {isa = PBXBuildFile; fileRef = CED043B926C93CE200B7D003 /* MAC_TasksList.swift */; };
		CED043C226C93CE200B7D003 /* MAC_Button.swift in Sources */ = {isa = PBXBuildFile; fileRef = CED043BA26C93CE200B7D003 /* MAC_Button.swift */; };
		CED349E726E6162A00D5E9EE /* TextFieldBig.swift in Sources */ = {isa = PBXBuildFile; fileRef = CED349E626E6162A00D5E9EE /* TextFieldBig.swift */; };
		CED349E926E616F600D5E9EE /* TextEditor.swift in Sources */ = {isa = PBXBuildFile; fileRef = CED349E826E616F600D5E9EE /* TextEditor.swift */; };
		CEEB8FAC2732881600F4E36A /* UITests_iOS.swift in Sources */ = {isa = PBXBuildFile; fileRef = CEEB8FAB2732881600F4E36A /* UITests_iOS.swift */; };
		CEEB8FAE2732881600F4E36A /* UITests_iOSLaunchTests.swift in Sources */ = {isa = PBXBuildFile; fileRef = CEEB8FAD2732881600F4E36A /* UITests_iOSLaunchTests.swift */; };
		CEEB8FB62732928C00F4E36A /* UITestsBasicNavigation.swift in Sources */ = {isa = PBXBuildFile; fileRef = CEEB8FB52732928C00F4E36A /* UITestsBasicNavigation.swift */; };
		CEEB8FB8273293CE00F4E36A /* UITests_GlobalContainer.swift in Sources */ = {isa = PBXBuildFile; fileRef = CEEB8FB7273293CE00F4E36A /* UITests_GlobalContainer.swift */; };
		CEEB8FBA2732961E00F4E36A /* UITestsTabbarProvider.swift in Sources */ = {isa = PBXBuildFile; fileRef = CEEB8FB92732961E00F4E36A /* UITestsTabbarProvider.swift */; };
		CEEB8FBC273296A800F4E36A /* UITestProvider.swift in Sources */ = {isa = PBXBuildFile; fileRef = CEEB8FBB273296A800F4E36A /* UITestProvider.swift */; };
		CEEB8FBE273297B700F4E36A /* XCUIApplication+Extensions.swift in Sources */ = {isa = PBXBuildFile; fileRef = CEEB8FBD273297B700F4E36A /* XCUIApplication+Extensions.swift */; };
		CEEB8FC227329B2B00F4E36A /* AccessibilityIdentifiers.swift in Sources */ = {isa = PBXBuildFile; fileRef = CEEB8FC127329B2B00F4E36A /* AccessibilityIdentifiers.swift */; };
		CEEB8FC327329B2B00F4E36A /* AccessibilityIdentifiers.swift in Sources */ = {isa = PBXBuildFile; fileRef = CEEB8FC127329B2B00F4E36A /* AccessibilityIdentifiers.swift */; };
/* End PBXBuildFile section */

/* Begin PBXContainerItemProxy section */
		CEEB8FAF2732881600F4E36A /* PBXContainerItemProxy */ = {
			isa = PBXContainerItemProxy;
			containerPortal = CE2E66D926C919E700AB6282 /* Project object */;
			proxyType = 1;
			remoteGlobalIDString = CE2E66E726C919E800AB6282;
			remoteInfo = "Trening_icloud3 (iOS)";
		};
/* End PBXContainerItemProxy section */

/* Begin PBXFileReference section */
		CE06432726EC087200073706 /* Interactor.swift */ = {isa = PBXFileReference; lastKnownFileType = sourcecode.swift; path = Interactor.swift; sourceTree = "<group>"; };
		CE068B0026D5870300E82573 /* CoreDataManager+Actions.swift */ = {isa = PBXFileReference; lastKnownFileType = sourcecode.swift; path = "CoreDataManager+Actions.swift"; sourceTree = "<group>"; };
		CE068B0426D587A300E82573 /* EntityType.swift */ = {isa = PBXFileReference; lastKnownFileType = sourcecode.swift; path = EntityType.swift; sourceTree = "<group>"; };
		CE068B0726D587DE00E82573 /* Array+Extension.swift */ = {isa = PBXFileReference; lastKnownFileType = sourcecode.swift; path = "Array+Extension.swift"; sourceTree = "<group>"; };
		CE068B0A26D589B300E82573 /* DateManager.swift */ = {isa = PBXFileReference; lastKnownFileType = sourcecode.swift; path = DateManager.swift; sourceTree = "<group>"; };
		CE068B1326D5956900E82573 /* MAC_ToolbarView.swift */ = {isa = PBXFileReference; lastKnownFileType = sourcecode.swift; path = MAC_ToolbarView.swift; sourceTree = "<group>"; };
		CE068B1526D5AD7400E82573 /* IOSScreen.swift */ = {isa = PBXFileReference; lastKnownFileType = sourcecode.swift; path = IOSScreen.swift; sourceTree = "<group>"; };
		CE068B1726D5AE1300E82573 /* AppState+Downcasting.swift */ = {isa = PBXFileReference; lastKnownFileType = sourcecode.swift; path = "AppState+Downcasting.swift"; sourceTree = "<group>"; };
		CE068B2826D6E3A700E82573 /* IOS_ProjectRow.swift */ = {isa = PBXFileReference; lastKnownFileType = sourcecode.swift; path = IOS_ProjectRow.swift; sourceTree = "<group>"; };
		CE068B3426D83DE000E82573 /* KeyboardResponder.swift */ = {isa = PBXFileReference; lastKnownFileType = sourcecode.swift; path = KeyboardResponder.swift; sourceTree = "<group>"; };
		CE068B3726D83EC600E82573 /* AboveKeyboardView.swift */ = {isa = PBXFileReference; lastKnownFileType = sourcecode.swift; path = AboveKeyboardView.swift; sourceTree = "<group>"; };
		CE068B3926D9610F00E82573 /* IOS_TaskRow.swift */ = {isa = PBXFileReference; lastKnownFileType = sourcecode.swift; path = IOS_TaskRow.swift; sourceTree = "<group>"; };
		CE068B3B26D9620300E82573 /* IOS_ToolView.swift */ = {isa = PBXFileReference; lastKnownFileType = sourcecode.swift; path = IOS_ToolView.swift; sourceTree = "<group>"; };
		CE163C1626EFFD5A00DA1323 /* TestViewNewDesign.swift */ = {isa = PBXFileReference; lastKnownFileType = sourcecode.swift; path = TestViewNewDesign.swift; sourceTree = "<group>"; };
		CE2BF6E126D3CF3A00743E81 /* Task_CD+CoreDataClass.swift */ = {isa = PBXFileReference; lastKnownFileType = sourcecode.swift; path = "Task_CD+CoreDataClass.swift"; sourceTree = "<group>"; };
		CE2BF6E326D3CF3A00743E81 /* Project_CD+CoreDataClass.swift */ = {isa = PBXFileReference; lastKnownFileType = sourcecode.swift; path = "Project_CD+CoreDataClass.swift"; sourceTree = "<group>"; };
		CE2E66E126C919E700AB6282 /* ContentView.swift */ = {isa = PBXFileReference; lastKnownFileType = sourcecode.swift; path = ContentView.swift; sourceTree = "<group>"; };
		CE2E66E326C919E800AB6282 /* Assets.xcassets */ = {isa = PBXFileReference; lastKnownFileType = folder.assetcatalog; path = Assets.xcassets; sourceTree = "<group>"; };
		CE2E66E826C919E800AB6282 /* Trening_icloud3.app */ = {isa = PBXFileReference; explicitFileType = wrapper.application; includeInIndex = 0; path = Trening_icloud3.app; sourceTree = BUILT_PRODUCTS_DIR; };
		CE2E66EB26C919E800AB6282 /* Info.plist */ = {isa = PBXFileReference; lastKnownFileType = text.plist.xml; path = Info.plist; sourceTree = "<group>"; };
		CE2E66F026C919E800AB6282 /* Trening_icloud3.app */ = {isa = PBXFileReference; explicitFileType = wrapper.application; includeInIndex = 0; path = Trening_icloud3.app; sourceTree = BUILT_PRODUCTS_DIR; };
		CE2E66F226C919E800AB6282 /* Info.plist */ = {isa = PBXFileReference; lastKnownFileType = text.plist.xml; path = Info.plist; sourceTree = "<group>"; };
		CE2E66F326C919E800AB6282 /* macOS.entitlements */ = {isa = PBXFileReference; lastKnownFileType = text.plist.entitlements; path = macOS.entitlements; sourceTree = "<group>"; };
		CE2E670626C919F900AB6282 /* Trening_icloud3.entitlements */ = {isa = PBXFileReference; lastKnownFileType = text.plist.entitlements; path = Trening_icloud3.entitlements; sourceTree = "<group>"; };
		CE2E670826C919FB00AB6282 /* CloudKit.framework */ = {isa = PBXFileReference; lastKnownFileType = wrapper.framework; name = CloudKit.framework; path = Platforms/iPhoneOS.platform/Developer/SDKs/iPhoneOS14.5.sdk/System/Library/Frameworks/CloudKit.framework; sourceTree = DEVELOPER_DIR; };
		CE2E670A26C91A1300AB6282 /* CloudKit.framework */ = {isa = PBXFileReference; lastKnownFileType = wrapper.framework; name = CloudKit.framework; path = System/Library/Frameworks/CloudKit.framework; sourceTree = SDKROOT; };
		CE2E670C26C9B3CE00AB6282 /* InputInteractor.swift */ = {isa = PBXFileReference; lastKnownFileType = sourcecode.swift; path = InputInteractor.swift; sourceTree = "<group>"; };
		CE2E671026C9B42F00AB6282 /* Model.xcdatamodel */ = {isa = PBXFileReference; lastKnownFileType = wrapper.xcdatamodel; path = Model.xcdatamodel; sourceTree = "<group>"; };
		CE2E671526C9B52A00AB6282 /* Trening_icloud3.swift */ = {isa = PBXFileReference; lastKnownFileType = sourcecode.swift; path = Trening_icloud3.swift; sourceTree = "<group>"; };
		CE324AA726CDA7060029B2C4 /* CoreDataManager.swift */ = {isa = PBXFileReference; lastKnownFileType = sourcecode.swift; path = CoreDataManager.swift; sourceTree = "<group>"; };
		CE481C5926E9833A001F838E /* Color+Extensions.swift */ = {isa = PBXFileReference; lastKnownFileType = sourcecode.swift; path = "Color+Extensions.swift"; sourceTree = "<group>"; };
		CE7057A426F15001001743DD /* MAC_ProjectDetailsScreenViewModel.swift */ = {isa = PBXFileReference; lastKnownFileType = sourcecode.swift; path = MAC_ProjectDetailsScreenViewModel.swift; sourceTree = "<group>"; };
		CEC4BC0926E6A13700692007 /* TextFieldSmall.swift */ = {isa = PBXFileReference; lastKnownFileType = sourcecode.swift; path = TextFieldSmall.swift; sourceTree = "<group>"; };
		CEC4BC0B26E6CC7C00692007 /* Task_CD+CoreDataProperties.swift */ = {isa = PBXFileReference; lastKnownFileType = sourcecode.swift; path = "Task_CD+CoreDataProperties.swift"; sourceTree = "<group>"; };
		CEC4BC0C26E6CC7C00692007 /* Project_CD+CoreDataProperties.swift */ = {isa = PBXFileReference; lastKnownFileType = sourcecode.swift; path = "Project_CD+CoreDataProperties.swift"; sourceTree = "<group>"; };
		CED0433E26C93C5800B7D003 /* AppState.swift */ = {isa = PBXFileReference; fileEncoding = 4; lastKnownFileType = sourcecode.swift; path = AppState.swift; sourceTree = "<group>"; };
		CED0434126C93C6300B7D003 /* CurrentValueSubject+Extensions.swift */ = {isa = PBXFileReference; fileEncoding = 4; lastKnownFileType = sourcecode.swift; path = "CurrentValueSubject+Extensions.swift"; sourceTree = "<group>"; };
		CED0434226C93C6300B7D003 /* Container.swift */ = {isa = PBXFileReference; fileEncoding = 4; lastKnownFileType = sourcecode.swift; path = Container.swift; sourceTree = "<group>"; };
		CED0434326C93C6300B7D003 /* FilledButtonStyle.swift */ = {isa = PBXFileReference; fileEncoding = 4; lastKnownFileType = sourcecode.swift; path = FilledButtonStyle.swift; sourceTree = "<group>"; };
		CED0434626C93C6300B7D003 /* CustomtextfieldStyle.swift */ = {isa = PBXFileReference; fileEncoding = 4; lastKnownFileType = sourcecode.swift; path = CustomtextfieldStyle.swift; sourceTree = "<group>"; };
		CED0435326C93C7C00B7D003 /* NavigationBar.swift */ = {isa = PBXFileReference; fileEncoding = 4; lastKnownFileType = sourcecode.swift; path = NavigationBar.swift; sourceTree = "<group>"; };
		CED0435426C93C7C00B7D003 /* NavigationBarModifier.swift */ = {isa = PBXFileReference; fileEncoding = 4; lastKnownFileType = sourcecode.swift; path = NavigationBarModifier.swift; sourceTree = "<group>"; };
		CED0435926C93C8300B7D003 /* NavigationController.swift */ = {isa = PBXFileReference; fileEncoding = 4; lastKnownFileType = sourcecode.swift; path = NavigationController.swift; sourceTree = "<group>"; };
		CED0435A26C93C8300B7D003 /* InboxNavigationController.swift */ = {isa = PBXFileReference; fileEncoding = 4; lastKnownFileType = sourcecode.swift; path = InboxNavigationController.swift; sourceTree = "<group>"; };
		CED0435B26C93C8300B7D003 /* TaskNavigationController.swift */ = {isa = PBXFileReference; fileEncoding = 4; lastKnownFileType = sourcecode.swift; path = TaskNavigationController.swift; sourceTree = "<group>"; };
		CED0435C26C93C8300B7D003 /* ProjectNavigationController.swift */ = {isa = PBXFileReference; fileEncoding = 4; lastKnownFileType = sourcecode.swift; path = ProjectNavigationController.swift; sourceTree = "<group>"; };
		CED0436526C93C8800B7D003 /* Strategy.swift */ = {isa = PBXFileReference; fileEncoding = 4; lastKnownFileType = sourcecode.swift; path = Strategy.swift; sourceTree = "<group>"; };
		CED0436626C93C8800B7D003 /* ScreenFactory.swift */ = {isa = PBXFileReference; fileEncoding = 4; lastKnownFileType = sourcecode.swift; path = ScreenFactory.swift; sourceTree = "<group>"; };
		CED0436726C93C8800B7D003 /* StackScreenViewController.swift */ = {isa = PBXFileReference; fileEncoding = 4; lastKnownFileType = sourcecode.swift; path = StackScreenViewController.swift; sourceTree = "<group>"; };
		CED0436E26C93C9000B7D003 /* StackAction.swift */ = {isa = PBXFileReference; fileEncoding = 4; lastKnownFileType = sourcecode.swift; path = StackAction.swift; sourceTree = "<group>"; };
		CED0436F26C93C9000B7D003 /* IOS_Router.swift */ = {isa = PBXFileReference; fileEncoding = 4; lastKnownFileType = sourcecode.swift; path = IOS_Router.swift; sourceTree = "<group>"; };
		CED0437426C93C9700B7D003 /* IOS_InputDetailsScreen.swift */ = {isa = PBXFileReference; fileEncoding = 4; lastKnownFileType = sourcecode.swift; path = IOS_InputDetailsScreen.swift; sourceTree = "<group>"; };
		CED0437526C93C9700B7D003 /* IOS_TasksScreen.swift */ = {isa = PBXFileReference; fileEncoding = 4; lastKnownFileType = sourcecode.swift; path = IOS_TasksScreen.swift; sourceTree = "<group>"; };
		CED0437626C93C9700B7D003 /* IOS_TaskDetailsScreen.swift */ = {isa = PBXFileReference; fileEncoding = 4; lastKnownFileType = sourcecode.swift; path = IOS_TaskDetailsScreen.swift; sourceTree = "<group>"; };
		CED0437726C93C9700B7D003 /* IOS_ProjectDetailsScreen.swift */ = {isa = PBXFileReference; fileEncoding = 4; lastKnownFileType = sourcecode.swift; path = IOS_ProjectDetailsScreen.swift; sourceTree = "<group>"; };
		CED0437826C93C9700B7D003 /* IOS_InboxScreen.swift */ = {isa = PBXFileReference; fileEncoding = 4; lastKnownFileType = sourcecode.swift; path = IOS_InboxScreen.swift; sourceTree = "<group>"; };
		CED0437926C93C9800B7D003 /* IOS_ProjectsScreen.swift */ = {isa = PBXFileReference; fileEncoding = 4; lastKnownFileType = sourcecode.swift; path = IOS_ProjectsScreen.swift; sourceTree = "<group>"; };
		CED0438626C93C9D00B7D003 /* TabBar.swift */ = {isa = PBXFileReference; fileEncoding = 4; lastKnownFileType = sourcecode.swift; path = TabBar.swift; sourceTree = "<group>"; };
		CED0438726C93C9D00B7D003 /* IOS_SType.swift */ = {isa = PBXFileReference; fileEncoding = 4; lastKnownFileType = sourcecode.swift; path = IOS_SType.swift; sourceTree = "<group>"; };
		CED0438C26C93CAA00B7D003 /* MAC_View.swift */ = {isa = PBXFileReference; fileEncoding = 4; lastKnownFileType = sourcecode.swift; path = MAC_View.swift; sourceTree = "<group>"; };
		CED0438D26C93CAA00B7D003 /* MAC_InputDetailsScreen.swift */ = {isa = PBXFileReference; fileEncoding = 4; lastKnownFileType = sourcecode.swift; path = MAC_InputDetailsScreen.swift; sourceTree = "<group>"; };
		CED0438E26C93CAA00B7D003 /* MAC_MiddleBarScreen.swift */ = {isa = PBXFileReference; fileEncoding = 4; lastKnownFileType = sourcecode.swift; path = MAC_MiddleBarScreen.swift; sourceTree = "<group>"; };
		CED0438F26C93CAA00B7D003 /* MAC_CanvasScreen.swift */ = {isa = PBXFileReference; fileEncoding = 4; lastKnownFileType = sourcecode.swift; path = MAC_CanvasScreen.swift; sourceTree = "<group>"; };
		CED0439826C93CB100B7D003 /* Route.swift */ = {isa = PBXFileReference; fileEncoding = 4; lastKnownFileType = sourcecode.swift; path = Route.swift; sourceTree = "<group>"; };
		CED0439926C93CB100B7D003 /* MAC_SideBarScreen.swift */ = {isa = PBXFileReference; fileEncoding = 4; lastKnownFileType = sourcecode.swift; path = MAC_SideBarScreen.swift; sourceTree = "<group>"; };
		CED0439A26C93CB100B7D003 /* MAC_Router.swift */ = {isa = PBXFileReference; fileEncoding = 4; lastKnownFileType = sourcecode.swift; path = MAC_Router.swift; sourceTree = "<group>"; };
		CED0439B26C93CB100B7D003 /* MAC_TaskDetailsScreen.swift */ = {isa = PBXFileReference; fileEncoding = 4; lastKnownFileType = sourcecode.swift; path = MAC_TaskDetailsScreen.swift; sourceTree = "<group>"; };
		CED043A426C93CDA00B7D003 /* Models.swift */ = {isa = PBXFileReference; fileEncoding = 4; lastKnownFileType = sourcecode.swift; path = Models.swift; sourceTree = "<group>"; };
		CED043A826C93CDA00B7D003 /* Interactor+Tasks.swift */ = {isa = PBXFileReference; fileEncoding = 4; lastKnownFileType = sourcecode.swift; path = "Interactor+Tasks.swift"; sourceTree = "<group>"; };
		CED043A926C93CDA00B7D003 /* Interactor+Projects.swift */ = {isa = PBXFileReference; fileEncoding = 4; lastKnownFileType = sourcecode.swift; path = "Interactor+Projects.swift"; sourceTree = "<group>"; };
		CED043B726C93CE200B7D003 /* MAC_InputsList.swift */ = {isa = PBXFileReference; fileEncoding = 4; lastKnownFileType = sourcecode.swift; path = MAC_InputsList.swift; sourceTree = "<group>"; };
		CED043B826C93CE200B7D003 /* MAC_ProjectsList.swift */ = {isa = PBXFileReference; fileEncoding = 4; lastKnownFileType = sourcecode.swift; path = MAC_ProjectsList.swift; sourceTree = "<group>"; };
		CED043B926C93CE200B7D003 /* MAC_TasksList.swift */ = {isa = PBXFileReference; fileEncoding = 4; lastKnownFileType = sourcecode.swift; path = MAC_TasksList.swift; sourceTree = "<group>"; };
		CED043BA26C93CE200B7D003 /* MAC_Button.swift */ = {isa = PBXFileReference; fileEncoding = 4; lastKnownFileType = sourcecode.swift; path = MAC_Button.swift; sourceTree = "<group>"; };
		CED349E526E4FC0E00D5E9EE /* MAC_ProjectDetailsScreen.swift */ = {isa = PBXFileReference; lastKnownFileType = sourcecode.swift; path = MAC_ProjectDetailsScreen.swift; sourceTree = "<group>"; };
		CED349E626E6162A00D5E9EE /* TextFieldBig.swift */ = {isa = PBXFileReference; lastKnownFileType = sourcecode.swift; path = TextFieldBig.swift; sourceTree = "<group>"; };
		CED349E826E616F600D5E9EE /* TextEditor.swift */ = {isa = PBXFileReference; lastKnownFileType = sourcecode.swift; path = TextEditor.swift; sourceTree = "<group>"; };
		CEEB8FA92732881600F4E36A /* UITests.xctest */ = {isa = PBXFileReference; explicitFileType = wrapper.cfbundle; includeInIndex = 0; path = UITests.xctest; sourceTree = BUILT_PRODUCTS_DIR; };
		CEEB8FAB2732881600F4E36A /* UITests_iOS.swift */ = {isa = PBXFileReference; lastKnownFileType = sourcecode.swift; path = UITests_iOS.swift; sourceTree = "<group>"; };
		CEEB8FAD2732881600F4E36A /* UITests_iOSLaunchTests.swift */ = {isa = PBXFileReference; lastKnownFileType = sourcecode.swift; path = UITests_iOSLaunchTests.swift; sourceTree = "<group>"; };
		CEEB8FB427328F4C00F4E36A /* iOS_TestPlan.xctestplan */ = {isa = PBXFileReference; lastKnownFileType = text; path = iOS_TestPlan.xctestplan; sourceTree = "<group>"; };
		CEEB8FB52732928C00F4E36A /* UITestsBasicNavigation.swift */ = {isa = PBXFileReference; lastKnownFileType = sourcecode.swift; path = UITestsBasicNavigation.swift; sourceTree = "<group>"; };
		CEEB8FB7273293CE00F4E36A /* UITests_GlobalContainer.swift */ = {isa = PBXFileReference; lastKnownFileType = sourcecode.swift; path = UITests_GlobalContainer.swift; sourceTree = "<group>"; };
		CEEB8FB92732961E00F4E36A /* UITestsTabbarProvider.swift */ = {isa = PBXFileReference; lastKnownFileType = sourcecode.swift; path = UITestsTabbarProvider.swift; sourceTree = "<group>"; };
		CEEB8FBB273296A800F4E36A /* UITestProvider.swift */ = {isa = PBXFileReference; lastKnownFileType = sourcecode.swift; path = UITestProvider.swift; sourceTree = "<group>"; };
		CEEB8FBD273297B700F4E36A /* XCUIApplication+Extensions.swift */ = {isa = PBXFileReference; lastKnownFileType = sourcecode.swift; path = "XCUIApplication+Extensions.swift"; sourceTree = "<group>"; };
		CEEB8FC127329B2B00F4E36A /* AccessibilityIdentifiers.swift */ = {isa = PBXFileReference; lastKnownFileType = sourcecode.swift; path = AccessibilityIdentifiers.swift; sourceTree = "<group>"; };
/* End PBXFileReference section */

/* Begin PBXFrameworksBuildPhase section */
		CE2E66E526C919E800AB6282 /* Frameworks */ = {
			isa = PBXFrameworksBuildPhase;
			buildActionMask = 2147483647;
			files = (
				CE2E670926C919FB00AB6282 /* CloudKit.framework in Frameworks */,
			);
			runOnlyForDeploymentPostprocessing = 0;
		};
		CE2E66ED26C919E800AB6282 /* Frameworks */ = {
			isa = PBXFrameworksBuildPhase;
			buildActionMask = 2147483647;
			files = (
				CE2E670B26C91A1300AB6282 /* CloudKit.framework in Frameworks */,
			);
			runOnlyForDeploymentPostprocessing = 0;
		};
		CEEB8FA62732881600F4E36A /* Frameworks */ = {
			isa = PBXFrameworksBuildPhase;
			buildActionMask = 2147483647;
			files = (
			);
			runOnlyForDeploymentPostprocessing = 0;
		};
/* End PBXFrameworksBuildPhase section */

/* Begin PBXGroup section */
		CE068B0326D5879100E82573 /* CoreData */ = {
			isa = PBXGroup;
			children = (
				CE2E670F26C9B42F00AB6282 /* Model.xcdatamodeld */,
				CE2BF6E126D3CF3A00743E81 /* Task_CD+CoreDataClass.swift */,
				CEC4BC0B26E6CC7C00692007 /* Task_CD+CoreDataProperties.swift */,
				CE2BF6E326D3CF3A00743E81 /* Project_CD+CoreDataClass.swift */,
				CEC4BC0C26E6CC7C00692007 /* Project_CD+CoreDataProperties.swift */,
				CE324AA726CDA7060029B2C4 /* CoreDataManager.swift */,
				CE068B0026D5870300E82573 /* CoreDataManager+Actions.swift */,
				CE068B0426D587A300E82573 /* EntityType.swift */,
				CE068B0A26D589B300E82573 /* DateManager.swift */,
			);
			path = CoreData;
			sourceTree = "<group>";
		};
		CE2E66D826C919E700AB6282 = {
			isa = PBXGroup;
			children = (
				CE163C1626EFFD5A00DA1323 /* TestViewNewDesign.swift */,
				CE2E670626C919F900AB6282 /* Trening_icloud3.entitlements */,
				CE2E671526C9B52A00AB6282 /* Trening_icloud3.swift */,
				CE2E66DD26C919E700AB6282 /* Shared */,
				CE2E66EA26C919E800AB6282 /* iOS */,
				CE2E66F126C919E800AB6282 /* macOS */,
				CEEB8FAA2732881600F4E36A /* UITests_iOS */,
				CE2E66E926C919E800AB6282 /* Products */,
				CE2E670726C919FB00AB6282 /* Frameworks */,
			);
			sourceTree = "<group>";
		};
		CE2E66DD26C919E700AB6282 /* Shared */ = {
			isa = PBXGroup;
			children = (
				CED0434626C93C6300B7D003 /* CustomtextfieldStyle.swift */,
				CED0434326C93C6300B7D003 /* FilledButtonStyle.swift */,
				CED0434126C93C6300B7D003 /* CurrentValueSubject+Extensions.swift */,
				CE068B0326D5879100E82573 /* CoreData */,
				CED349E426E391C100D5E9EE /* Interactors */,
				CED0434226C93C6300B7D003 /* Container.swift */,
				CED0433E26C93C5800B7D003 /* AppState.swift */,
				CE481C5926E9833A001F838E /* Color+Extensions.swift */,
				CE068B0726D587DE00E82573 /* Array+Extension.swift */,
				CE068B1726D5AE1300E82573 /* AppState+Downcasting.swift */,
				CED0436526C93C8800B7D003 /* Strategy.swift */,
				CED043A426C93CDA00B7D003 /* Models.swift */,
				CE2E66E126C919E700AB6282 /* ContentView.swift */,
				CEEB8FC127329B2B00F4E36A /* AccessibilityIdentifiers.swift */,
				CE2E66E326C919E800AB6282 /* Assets.xcassets */,
			);
			path = Shared;
			sourceTree = "<group>";
		};
		CE2E66E926C919E800AB6282 /* Products */ = {
			isa = PBXGroup;
			children = (
				CE2E66E826C919E800AB6282 /* Trening_icloud3.app */,
				CE2E66F026C919E800AB6282 /* Trening_icloud3.app */,
				CEEB8FA92732881600F4E36A /* UITests.xctest */,
			);
			name = Products;
			sourceTree = "<group>";
		};
		CE2E66EA26C919E800AB6282 /* iOS */ = {
			isa = PBXGroup;
			children = (
				CED0436726C93C8800B7D003 /* StackScreenViewController.swift */,
				CED0435B26C93C8300B7D003 /* TaskNavigationController.swift */,
				CED0435C26C93C8300B7D003 /* ProjectNavigationController.swift */,
				CED0438626C93C9D00B7D003 /* TabBar.swift */,
				CED0435926C93C8300B7D003 /* NavigationController.swift */,
				CED0435A26C93C8300B7D003 /* InboxNavigationController.swift */,
				CED0435326C93C7C00B7D003 /* NavigationBar.swift */,
				CED0436626C93C8800B7D003 /* ScreenFactory.swift */,
				CED0436F26C93C9000B7D003 /* IOS_Router.swift */,
				CED0438726C93C9D00B7D003 /* IOS_SType.swift */,
				CED0437726C93C9700B7D003 /* IOS_ProjectDetailsScreen.swift */,
				CED349E626E6162A00D5E9EE /* TextFieldBig.swift */,
				CEC4BC0926E6A13700692007 /* TextFieldSmall.swift */,
				CED349E826E616F600D5E9EE /* TextEditor.swift */,
				CE068B3426D83DE000E82573 /* KeyboardResponder.swift */,
				CE068B3726D83EC600E82573 /* AboveKeyboardView.swift */,
				CED0437926C93C9800B7D003 /* IOS_ProjectsScreen.swift */,
				CED0437826C93C9700B7D003 /* IOS_InboxScreen.swift */,
				CED0437426C93C9700B7D003 /* IOS_InputDetailsScreen.swift */,
				CE068B2826D6E3A700E82573 /* IOS_ProjectRow.swift */,
				CE068B3926D9610F00E82573 /* IOS_TaskRow.swift */,
				CED0437626C93C9700B7D003 /* IOS_TaskDetailsScreen.swift */,
				CED0437526C93C9700B7D003 /* IOS_TasksScreen.swift */,
				CED0436E26C93C9000B7D003 /* StackAction.swift */,
				CED0435426C93C7C00B7D003 /* NavigationBarModifier.swift */,
				CE068B3B26D9620300E82573 /* IOS_ToolView.swift */,
				CE068B1526D5AD7400E82573 /* IOSScreen.swift */,
				CE2E66EB26C919E800AB6282 /* Info.plist */,
			);
			path = iOS;
			sourceTree = "<group>";
		};
		CE2E66F126C919E800AB6282 /* macOS */ = {
			isa = PBXGroup;
			children = (
				CED0439826C93CB100B7D003 /* Route.swift */,
				CED0438E26C93CAA00B7D003 /* MAC_MiddleBarScreen.swift */,
				CED0438F26C93CAA00B7D003 /* MAC_CanvasScreen.swift */,
				CED0439A26C93CB100B7D003 /* MAC_Router.swift */,
				CED0439926C93CB100B7D003 /* MAC_SideBarScreen.swift */,
				CED043B826C93CE200B7D003 /* MAC_ProjectsList.swift */,
				CED043B926C93CE200B7D003 /* MAC_TasksList.swift */,
				CED043B726C93CE200B7D003 /* MAC_InputsList.swift */,
				CED043BA26C93CE200B7D003 /* MAC_Button.swift */,
				CED0439B26C93CB100B7D003 /* MAC_TaskDetailsScreen.swift */,
				CED349E526E4FC0E00D5E9EE /* MAC_ProjectDetailsScreen.swift */,
				CE7057A426F15001001743DD /* MAC_ProjectDetailsScreenViewModel.swift */,
				CED0438D26C93CAA00B7D003 /* MAC_InputDetailsScreen.swift */,
				CED0438C26C93CAA00B7D003 /* MAC_View.swift */,
				CE068B1326D5956900E82573 /* MAC_ToolbarView.swift */,
				CE2E66F226C919E800AB6282 /* Info.plist */,
				CE2E66F326C919E800AB6282 /* macOS.entitlements */,
			);
			path = macOS;
			sourceTree = "<group>";
		};
		CE2E670726C919FB00AB6282 /* Frameworks */ = {
			isa = PBXGroup;
			children = (
				CE2E670A26C91A1300AB6282 /* CloudKit.framework */,
				CE2E670826C919FB00AB6282 /* CloudKit.framework */,
			);
			name = Frameworks;
			sourceTree = "<group>";
		};
		CED349E426E391C100D5E9EE /* Interactors */ = {
			isa = PBXGroup;
			children = (
				CE06432726EC087200073706 /* Interactor.swift */,
				CE2E670C26C9B3CE00AB6282 /* InputInteractor.swift */,
				CED043A826C93CDA00B7D003 /* Interactor+Tasks.swift */,
				CED043A926C93CDA00B7D003 /* Interactor+Projects.swift */,
			);
			path = Interactors;
			sourceTree = "<group>";
		};
		CEEB8FAA2732881600F4E36A /* UITests_iOS */ = {
			isa = PBXGroup;
			children = (
				CEEB8FB427328F4C00F4E36A /* iOS_TestPlan.xctestplan */,
				CEEB8FAB2732881600F4E36A /* UITests_iOS.swift */,
				CEEB8FB7273293CE00F4E36A /* UITests_GlobalContainer.swift */,
				CEEB8FC02732980300F4E36A /* Tests */,
				CEEB8FBF273297DD00F4E36A /* Providers */,
				CEEB8FBD273297B700F4E36A /* XCUIApplication+Extensions.swift */,
				CEEB8FAD2732881600F4E36A /* UITests_iOSLaunchTests.swift */,
			);
			path = UITests_iOS;
			sourceTree = "<group>";
		};
		CEEB8FBF273297DD00F4E36A /* Providers */ = {
			isa = PBXGroup;
			children = (
				CEEB8FB92732961E00F4E36A /* UITestsTabbarProvider.swift */,
				CEEB8FBB273296A800F4E36A /* UITestProvider.swift */,
			);
			path = Providers;
			sourceTree = "<group>";
		};
		CEEB8FC02732980300F4E36A /* Tests */ = {
			isa = PBXGroup;
			children = (
				CEEB8FB52732928C00F4E36A /* UITestsBasicNavigation.swift */,
			);
			path = Tests;
			sourceTree = "<group>";
		};
/* End PBXGroup section */

/* Begin PBXNativeTarget section */
		CE2E66E726C919E800AB6282 /* Trening_icloud3 (iOS) */ = {
			isa = PBXNativeTarget;
			buildConfigurationList = CE2E670026C919E800AB6282 /* Build configuration list for PBXNativeTarget "Trening_icloud3 (iOS)" */;
			buildPhases = (
				CE2E66E426C919E800AB6282 /* Sources */,
				CE2E66E526C919E800AB6282 /* Frameworks */,
				CE2E66E626C919E800AB6282 /* Resources */,
			);
			buildRules = (
			);
			dependencies = (
			);
			name = "Trening_icloud3 (iOS)";
			productName = "Trening_icloud3 (iOS)";
			productReference = CE2E66E826C919E800AB6282 /* Trening_icloud3.app */;
			productType = "com.apple.product-type.application";
		};
		CE2E66EF26C919E800AB6282 /* Trening_icloud3 (macOS) */ = {
			isa = PBXNativeTarget;
			buildConfigurationList = CE2E670326C919E800AB6282 /* Build configuration list for PBXNativeTarget "Trening_icloud3 (macOS)" */;
			buildPhases = (
				CE2E66EC26C919E800AB6282 /* Sources */,
				CE2E66ED26C919E800AB6282 /* Frameworks */,
				CE2E66EE26C919E800AB6282 /* Resources */,
			);
			buildRules = (
			);
			dependencies = (
			);
			name = "Trening_icloud3 (macOS)";
			productName = "Trening_icloud3 (macOS)";
			productReference = CE2E66F026C919E800AB6282 /* Trening_icloud3.app */;
			productType = "com.apple.product-type.application";
		};
		CEEB8FA82732881600F4E36A /* UITests */ = {
			isa = PBXNativeTarget;
			buildConfigurationList = CEEB8FB32732881600F4E36A /* Build configuration list for PBXNativeTarget "UITests" */;
			buildPhases = (
				CEEB8FA52732881600F4E36A /* Sources */,
				CEEB8FA62732881600F4E36A /* Frameworks */,
				CEEB8FA72732881600F4E36A /* Resources */,
			);
			buildRules = (
			);
			dependencies = (
				CEEB8FB02732881600F4E36A /* PBXTargetDependency */,
			);
			name = UITests;
			productName = UITests_iOS;
			productReference = CEEB8FA92732881600F4E36A /* UITests.xctest */;
			productType = "com.apple.product-type.bundle.ui-testing";
		};
/* End PBXNativeTarget section */

/* Begin PBXProject section */
		CE2E66D926C919E700AB6282 /* Project object */ = {
			isa = PBXProject;
			attributes = {
				LastSwiftUpdateCheck = 1300;
				LastUpgradeCheck = 1250;
				TargetAttributes = {
					CE2E66E726C919E800AB6282 = {
						CreatedOnToolsVersion = 12.5.1;
					};
					CE2E66EF26C919E800AB6282 = {
						CreatedOnToolsVersion = 12.5.1;
					};
					CEEB8FA82732881600F4E36A = {
						CreatedOnToolsVersion = 13.0;
						TestTargetID = CE2E66E726C919E800AB6282;
					};
				};
			};
			buildConfigurationList = CE2E66DC26C919E700AB6282 /* Build configuration list for PBXProject "Trening_icloud3" */;
			compatibilityVersion = "Xcode 9.3";
			developmentRegion = en;
			hasScannedForEncodings = 0;
			knownRegions = (
				en,
				Base,
			);
			mainGroup = CE2E66D826C919E700AB6282;
			productRefGroup = CE2E66E926C919E800AB6282 /* Products */;
			projectDirPath = "";
			projectRoot = "";
			targets = (
				CE2E66E726C919E800AB6282 /* Trening_icloud3 (iOS) */,
				CE2E66EF26C919E800AB6282 /* Trening_icloud3 (macOS) */,
				CEEB8FA82732881600F4E36A /* UITests */,
			);
		};
/* End PBXProject section */

/* Begin PBXResourcesBuildPhase section */
		CE2E66E626C919E800AB6282 /* Resources */ = {
			isa = PBXResourcesBuildPhase;
			buildActionMask = 2147483647;
			files = (
				CE2E66FC26C919E800AB6282 /* Assets.xcassets in Resources */,
			);
			runOnlyForDeploymentPostprocessing = 0;
		};
		CE2E66EE26C919E800AB6282 /* Resources */ = {
			isa = PBXResourcesBuildPhase;
			buildActionMask = 2147483647;
			files = (
				CE2E66FD26C919E800AB6282 /* Assets.xcassets in Resources */,
			);
			runOnlyForDeploymentPostprocessing = 0;
		};
		CEEB8FA72732881600F4E36A /* Resources */ = {
			isa = PBXResourcesBuildPhase;
			buildActionMask = 2147483647;
			files = (
			);
			runOnlyForDeploymentPostprocessing = 0;
		};
/* End PBXResourcesBuildPhase section */

/* Begin PBXSourcesBuildPhase section */
		CE2E66E426C919E800AB6282 /* Sources */ = {
			isa = PBXSourcesBuildPhase;
			buildActionMask = 2147483647;
			files = (
				CE068B0526D587A300E82573 /* EntityType.swift in Sources */,
				CE2E671326C9B4A600AB6282 /* ScreenFactory.swift in Sources */,
				CE068B3826D83EC600E82573 /* AboveKeyboardView.swift in Sources */,
				CE068B1826D5AE1300E82573 /* AppState+Downcasting.swift in Sources */,
				CED0438826C93C9D00B7D003 /* TabBar.swift in Sources */,
				CED0435726C93C7C00B7D003 /* NavigationBarModifier.swift in Sources */,
				CE068B3526D83DE000E82573 /* KeyboardResponder.swift in Sources */,
				CE481C5A26E9833A001F838E /* Color+Extensions.swift in Sources */,
				CED349E926E616F600D5E9EE /* TextEditor.swift in Sources */,
				CEC4BC0E26E6CC7C00692007 /* Project_CD+CoreDataProperties.swift in Sources */,
				CED0435D26C93C8300B7D003 /* NavigationController.swift in Sources */,
				CE163C1726EFFD5A00DA1323 /* TestViewNewDesign.swift in Sources */,
				CED0438026C93C9800B7D003 /* IOS_ProjectDetailsScreen.swift in Sources */,
				CED043BB26C93CE200B7D003 /* MAC_InputsList.swift in Sources */,
				CE324AA826CDA7060029B2C4 /* CoreDataManager.swift in Sources */,
				CED0434B26C93C6300B7D003 /* FilledButtonStyle.swift in Sources */,
				CED0436C26C93C8800B7D003 /* StackScreenViewController.swift in Sources */,
				CED0438426C93C9800B7D003 /* IOS_ProjectsScreen.swift in Sources */,
				CED043B326C93CDB00B7D003 /* Interactor+Projects.swift in Sources */,
				CE2E671126C9B42F00AB6282 /* Model.xcdatamodeld in Sources */,
				CED0433F26C93C5800B7D003 /* AppState.swift in Sources */,
				CEC4BC0A26E6A13700692007 /* TextFieldSmall.swift in Sources */,
				CED0435526C93C7C00B7D003 /* NavigationBar.swift in Sources */,
				CED0435F26C93C8300B7D003 /* InboxNavigationController.swift in Sources */,
				CED043AB26C93CDB00B7D003 /* Models.swift in Sources */,
				CEC4BC0D26E6CC7C00692007 /* Task_CD+CoreDataProperties.swift in Sources */,
				CE2E671426C9B4B800AB6282 /* IOS_InputDetailsScreen.swift in Sources */,
				CEEB8FC227329B2B00F4E36A /* AccessibilityIdentifiers.swift in Sources */,
				CE068B0126D5870300E82573 /* CoreDataManager+Actions.swift in Sources */,
				CE068B3A26D9610F00E82573 /* IOS_TaskRow.swift in Sources */,
				CED0438A26C93C9D00B7D003 /* IOS_SType.swift in Sources */,
				CED0434926C93C6300B7D003 /* Container.swift in Sources */,
				CED0437226C93C9000B7D003 /* IOS_Router.swift in Sources */,
				CED0436326C93C8300B7D003 /* ProjectNavigationController.swift in Sources */,
				CE2BF6E926D3CF3A00743E81 /* Project_CD+CoreDataClass.swift in Sources */,
				CE2E670D26C9B3CE00AB6282 /* InputInteractor.swift in Sources */,
				CE068B0B26D589B300E82573 /* DateManager.swift in Sources */,
				CED0434726C93C6300B7D003 /* CurrentValueSubject+Extensions.swift in Sources */,
				CED0436826C93C8800B7D003 /* Strategy.swift in Sources */,
				CED0437026C93C9000B7D003 /* StackAction.swift in Sources */,
				CE068B1626D5AD7400E82573 /* IOSScreen.swift in Sources */,
				CED0437E26C93C9800B7D003 /* IOS_TaskDetailsScreen.swift in Sources */,
				CED0437C26C93C9800B7D003 /* IOS_TasksScreen.swift in Sources */,
				CE2E66F826C919E800AB6282 /* ContentView.swift in Sources */,
				CE2BF6E526D3CF3A00743E81 /* Task_CD+CoreDataClass.swift in Sources */,
				CE068B2926D6E3A700E82573 /* IOS_ProjectRow.swift in Sources */,
				CED0436126C93C8300B7D003 /* TaskNavigationController.swift in Sources */,
				CE068B0826D587DE00E82573 /* Array+Extension.swift in Sources */,
				CE06432826EC087200073706 /* Interactor.swift in Sources */,
				CE2E671626C9B52A00AB6282 /* Trening_icloud3.swift in Sources */,
				CE068B3C26D9620300E82573 /* IOS_ToolView.swift in Sources */,
				CED0435126C93C6300B7D003 /* CustomtextfieldStyle.swift in Sources */,
				CED043B126C93CDB00B7D003 /* Interactor+Tasks.swift in Sources */,
				CED0438226C93C9800B7D003 /* IOS_InboxScreen.swift in Sources */,
				CED349E726E6162A00D5E9EE /* TextFieldBig.swift in Sources */,
			);
			runOnlyForDeploymentPostprocessing = 0;
		};
		CE2E66EC26C919E800AB6282 /* Sources */ = {
			isa = PBXSourcesBuildPhase;
			buildActionMask = 2147483647;
			files = (
				CE2E670E26C9B3CE00AB6282 /* InputInteractor.swift in Sources */,
				CED043BC26C93CE200B7D003 /* MAC_InputsList.swift in Sources */,
				CE2E671726C9B52A00AB6282 /* Trening_icloud3.swift in Sources */,
				CE7057A526F15001001743DD /* MAC_ProjectDetailsScreenViewModel.swift in Sources */,
				CED0439F26C93CB100B7D003 /* MAC_SideBarScreen.swift in Sources */,
				CED0434C26C93C6300B7D003 /* FilledButtonStyle.swift in Sources */,
				CED0439726C93CAB00B7D003 /* MAC_CanvasScreen.swift in Sources */,
				CED043B426C93CDB00B7D003 /* Interactor+Projects.swift in Sources */,
				CED043C226C93CE200B7D003 /* MAC_Button.swift in Sources */,
				CED0434026C93C5800B7D003 /* AppState.swift in Sources */,
				CE2BF6EA26D3CF3A00743E81 /* Project_CD+CoreDataClass.swift in Sources */,
				CE068B0226D5870300E82573 /* CoreDataManager+Actions.swift in Sources */,
				CE481D1126EABB20001F838E /* Project_CD+CoreDataProperties.swift in Sources */,
				CE068B1926D5AE1300E82573 /* AppState+Downcasting.swift in Sources */,
				CE068B0926D587DE00E82573 /* Array+Extension.swift in Sources */,
				CED043AC26C93CDB00B7D003 /* Models.swift in Sources */,
				CE481D1026EABB1D001F838E /* Task_CD+CoreDataProperties.swift in Sources */,
				CE068B0626D587A300E82573 /* EntityType.swift in Sources */,
				CED043A126C93CB100B7D003 /* MAC_Router.swift in Sources */,
				CED0439326C93CAB00B7D003 /* MAC_InputDetailsScreen.swift in Sources */,
				CED0434A26C93C6300B7D003 /* Container.swift in Sources */,
				CED0439D26C93CB100B7D003 /* Route.swift in Sources */,
				CE06432926EC087200073706 /* Interactor.swift in Sources */,
				CED0434826C93C6300B7D003 /* CurrentValueSubject+Extensions.swift in Sources */,
				CED0436926C93C8800B7D003 /* Strategy.swift in Sources */,
				CED0439126C93CAB00B7D003 /* MAC_View.swift in Sources */,
				CE324AA926CDA7060029B2C4 /* CoreDataManager.swift in Sources */,
				CE068B0C26D589B300E82573 /* DateManager.swift in Sources */,
				CE2E671226C9B42F00AB6282 /* Model.xcdatamodeld in Sources */,
				CE481C5B26E9833A001F838E /* Color+Extensions.swift in Sources */,
				CE481D1226EABCAD001F838E /* MAC_ProjectDetailsScreen.swift in Sources */,
				CED0439526C93CAB00B7D003 /* MAC_MiddleBarScreen.swift in Sources */,
				CEEB8FC327329B2B00F4E36A /* AccessibilityIdentifiers.swift in Sources */,
				CE2E66F926C919E800AB6282 /* ContentView.swift in Sources */,
				CED0435226C93C6300B7D003 /* CustomtextfieldStyle.swift in Sources */,
				CED043B226C93CDB00B7D003 /* Interactor+Tasks.swift in Sources */,
				CED043C026C93CE200B7D003 /* MAC_TasksList.swift in Sources */,
				CE2BF6E626D3CF3A00743E81 /* Task_CD+CoreDataClass.swift in Sources */,
				CED043A326C93CB100B7D003 /* MAC_TaskDetailsScreen.swift in Sources */,
				CE068B1426D5956900E82573 /* MAC_ToolbarView.swift in Sources */,
				CED043BE26C93CE200B7D003 /* MAC_ProjectsList.swift in Sources */,
			);
			runOnlyForDeploymentPostprocessing = 0;
		};
		CEEB8FA52732881600F4E36A /* Sources */ = {
			isa = PBXSourcesBuildPhase;
			buildActionMask = 2147483647;
			files = (
				CEEB8FB8273293CE00F4E36A /* UITests_GlobalContainer.swift in Sources */,
				CEEB8FAE2732881600F4E36A /* UITests_iOSLaunchTests.swift in Sources */,
				CEEB8FB62732928C00F4E36A /* UITestsBasicNavigation.swift in Sources */,
				CEEB8FAC2732881600F4E36A /* UITests_iOS.swift in Sources */,
				CEEB8FBC273296A800F4E36A /* UITestProvider.swift in Sources */,
				CEEB8FBE273297B700F4E36A /* XCUIApplication+Extensions.swift in Sources */,
				CEEB8FBA2732961E00F4E36A /* UITestsTabbarProvider.swift in Sources */,
			);
			runOnlyForDeploymentPostprocessing = 0;
		};
/* End PBXSourcesBuildPhase section */

/* Begin PBXTargetDependency section */
		CEEB8FB02732881600F4E36A /* PBXTargetDependency */ = {
			isa = PBXTargetDependency;
			target = CE2E66E726C919E800AB6282 /* Trening_icloud3 (iOS) */;
			targetProxy = CEEB8FAF2732881600F4E36A /* PBXContainerItemProxy */;
		};
/* End PBXTargetDependency section */

/* Begin XCBuildConfiguration section */
		CE2E66FE26C919E800AB6282 /* Debug */ = {
			isa = XCBuildConfiguration;
			buildSettings = {
				ALWAYS_SEARCH_USER_PATHS = NO;
				CLANG_ANALYZER_NONNULL = YES;
				CLANG_ANALYZER_NUMBER_OBJECT_CONVERSION = YES_AGGRESSIVE;
				CLANG_CXX_LANGUAGE_STANDARD = "gnu++14";
				CLANG_CXX_LIBRARY = "libc++";
				CLANG_ENABLE_MODULES = YES;
				CLANG_ENABLE_OBJC_ARC = YES;
				CLANG_ENABLE_OBJC_WEAK = YES;
				CLANG_WARN_BLOCK_CAPTURE_AUTORELEASING = YES;
				CLANG_WARN_BOOL_CONVERSION = YES;
				CLANG_WARN_COMMA = YES;
				CLANG_WARN_CONSTANT_CONVERSION = YES;
				CLANG_WARN_DEPRECATED_OBJC_IMPLEMENTATIONS = YES;
				CLANG_WARN_DIRECT_OBJC_ISA_USAGE = YES_ERROR;
				CLANG_WARN_DOCUMENTATION_COMMENTS = YES;
				CLANG_WARN_EMPTY_BODY = YES;
				CLANG_WARN_ENUM_CONVERSION = YES;
				CLANG_WARN_INFINITE_RECURSION = YES;
				CLANG_WARN_INT_CONVERSION = YES;
				CLANG_WARN_NON_LITERAL_NULL_CONVERSION = YES;
				CLANG_WARN_OBJC_IMPLICIT_RETAIN_SELF = YES;
				CLANG_WARN_OBJC_LITERAL_CONVERSION = YES;
				CLANG_WARN_OBJC_ROOT_CLASS = YES_ERROR;
				CLANG_WARN_QUOTED_INCLUDE_IN_FRAMEWORK_HEADER = YES;
				CLANG_WARN_RANGE_LOOP_ANALYSIS = YES;
				CLANG_WARN_STRICT_PROTOTYPES = YES;
				CLANG_WARN_SUSPICIOUS_MOVE = YES;
				CLANG_WARN_UNGUARDED_AVAILABILITY = YES_AGGRESSIVE;
				CLANG_WARN_UNREACHABLE_CODE = YES;
				CLANG_WARN__DUPLICATE_METHOD_MATCH = YES;
				COPY_PHASE_STRIP = NO;
				DEBUG_INFORMATION_FORMAT = dwarf;
				ENABLE_STRICT_OBJC_MSGSEND = YES;
				ENABLE_TESTABILITY = YES;
				GCC_C_LANGUAGE_STANDARD = gnu11;
				GCC_DYNAMIC_NO_PIC = NO;
				GCC_NO_COMMON_BLOCKS = YES;
				GCC_OPTIMIZATION_LEVEL = 0;
				GCC_PREPROCESSOR_DEFINITIONS = (
					"DEBUG=1",
					"$(inherited)",
				);
				GCC_WARN_64_TO_32_BIT_CONVERSION = YES;
				GCC_WARN_ABOUT_RETURN_TYPE = YES_ERROR;
				GCC_WARN_UNDECLARED_SELECTOR = YES;
				GCC_WARN_UNINITIALIZED_AUTOS = YES_AGGRESSIVE;
				GCC_WARN_UNUSED_FUNCTION = YES;
				GCC_WARN_UNUSED_VARIABLE = YES;
				MTL_ENABLE_DEBUG_INFO = INCLUDE_SOURCE;
				MTL_FAST_MATH = YES;
				ONLY_ACTIVE_ARCH = YES;
				SWIFT_ACTIVE_COMPILATION_CONDITIONS = DEBUG;
				SWIFT_OPTIMIZATION_LEVEL = "-Onone";
			};
			name = Debug;
		};
		CE2E66FF26C919E800AB6282 /* Release */ = {
			isa = XCBuildConfiguration;
			buildSettings = {
				ALWAYS_SEARCH_USER_PATHS = NO;
				CLANG_ANALYZER_NONNULL = YES;
				CLANG_ANALYZER_NUMBER_OBJECT_CONVERSION = YES_AGGRESSIVE;
				CLANG_CXX_LANGUAGE_STANDARD = "gnu++14";
				CLANG_CXX_LIBRARY = "libc++";
				CLANG_ENABLE_MODULES = YES;
				CLANG_ENABLE_OBJC_ARC = YES;
				CLANG_ENABLE_OBJC_WEAK = YES;
				CLANG_WARN_BLOCK_CAPTURE_AUTORELEASING = YES;
				CLANG_WARN_BOOL_CONVERSION = YES;
				CLANG_WARN_COMMA = YES;
				CLANG_WARN_CONSTANT_CONVERSION = YES;
				CLANG_WARN_DEPRECATED_OBJC_IMPLEMENTATIONS = YES;
				CLANG_WARN_DIRECT_OBJC_ISA_USAGE = YES_ERROR;
				CLANG_WARN_DOCUMENTATION_COMMENTS = YES;
				CLANG_WARN_EMPTY_BODY = YES;
				CLANG_WARN_ENUM_CONVERSION = YES;
				CLANG_WARN_INFINITE_RECURSION = YES;
				CLANG_WARN_INT_CONVERSION = YES;
				CLANG_WARN_NON_LITERAL_NULL_CONVERSION = YES;
				CLANG_WARN_OBJC_IMPLICIT_RETAIN_SELF = YES;
				CLANG_WARN_OBJC_LITERAL_CONVERSION = YES;
				CLANG_WARN_OBJC_ROOT_CLASS = YES_ERROR;
				CLANG_WARN_QUOTED_INCLUDE_IN_FRAMEWORK_HEADER = YES;
				CLANG_WARN_RANGE_LOOP_ANALYSIS = YES;
				CLANG_WARN_STRICT_PROTOTYPES = YES;
				CLANG_WARN_SUSPICIOUS_MOVE = YES;
				CLANG_WARN_UNGUARDED_AVAILABILITY = YES_AGGRESSIVE;
				CLANG_WARN_UNREACHABLE_CODE = YES;
				CLANG_WARN__DUPLICATE_METHOD_MATCH = YES;
				COPY_PHASE_STRIP = NO;
				DEBUG_INFORMATION_FORMAT = "dwarf-with-dsym";
				ENABLE_NS_ASSERTIONS = NO;
				ENABLE_STRICT_OBJC_MSGSEND = YES;
				GCC_C_LANGUAGE_STANDARD = gnu11;
				GCC_NO_COMMON_BLOCKS = YES;
				GCC_WARN_64_TO_32_BIT_CONVERSION = YES;
				GCC_WARN_ABOUT_RETURN_TYPE = YES_ERROR;
				GCC_WARN_UNDECLARED_SELECTOR = YES;
				GCC_WARN_UNINITIALIZED_AUTOS = YES_AGGRESSIVE;
				GCC_WARN_UNUSED_FUNCTION = YES;
				GCC_WARN_UNUSED_VARIABLE = YES;
				MTL_ENABLE_DEBUG_INFO = NO;
				MTL_FAST_MATH = YES;
				SWIFT_COMPILATION_MODE = wholemodule;
				SWIFT_OPTIMIZATION_LEVEL = "-O";
			};
			name = Release;
		};
		CE2E670126C919E800AB6282 /* Debug */ = {
			isa = XCBuildConfiguration;
			buildSettings = {
				ASSETCATALOG_COMPILER_APPICON_NAME = AppIcon;
				ASSETCATALOG_COMPILER_GLOBAL_ACCENT_COLOR_NAME = AccentColor;
				CODE_SIGN_ENTITLEMENTS = Trening_icloud3.entitlements;
				CODE_SIGN_STYLE = Automatic;
				DEVELOPMENT_TEAM = RKV664A9KV;
				ENABLE_PREVIEWS = YES;
				INFOPLIST_FILE = iOS/Info.plist;
				IPHONEOS_DEPLOYMENT_TARGET = 14.0;
				LD_RUNPATH_SEARCH_PATHS = (
					"$(inherited)",
					"@executable_path/Frameworks",
				);
				PRODUCT_BUNDLE_IDENTIFIER = "com.slusarzjan.Trening-icloud3ios";
				PRODUCT_NAME = Trening_icloud3;
				SDKROOT = iphoneos;
				SWIFT_VERSION = 5.0;
				TARGETED_DEVICE_FAMILY = "1,2";
			};
			name = Debug;
		};
		CE2E670226C919E800AB6282 /* Release */ = {
			isa = XCBuildConfiguration;
			buildSettings = {
				ASSETCATALOG_COMPILER_APPICON_NAME = AppIcon;
				ASSETCATALOG_COMPILER_GLOBAL_ACCENT_COLOR_NAME = AccentColor;
				CODE_SIGN_ENTITLEMENTS = Trening_icloud3.entitlements;
				CODE_SIGN_STYLE = Automatic;
				DEVELOPMENT_TEAM = RKV664A9KV;
				ENABLE_PREVIEWS = YES;
				INFOPLIST_FILE = iOS/Info.plist;
				IPHONEOS_DEPLOYMENT_TARGET = 14.0;
				LD_RUNPATH_SEARCH_PATHS = (
					"$(inherited)",
					"@executable_path/Frameworks",
				);
				PRODUCT_BUNDLE_IDENTIFIER = "com.slusarzjan.Trening-icloud3ios";
				PRODUCT_NAME = Trening_icloud3;
				SDKROOT = iphoneos;
				SWIFT_VERSION = 5.0;
				TARGETED_DEVICE_FAMILY = "1,2";
				VALIDATE_PRODUCT = YES;
			};
			name = Release;
		};
		CE2E670426C919E800AB6282 /* Debug */ = {
			isa = XCBuildConfiguration;
			buildSettings = {
				ASSETCATALOG_COMPILER_APPICON_NAME = AppIcon;
				ASSETCATALOG_COMPILER_GLOBAL_ACCENT_COLOR_NAME = AccentColor;
				CODE_SIGN_ENTITLEMENTS = macOS/macOS.entitlements;
				CODE_SIGN_STYLE = Automatic;
				COMBINE_HIDPI_IMAGES = YES;
				DEVELOPMENT_TEAM = RKV664A9KV;
				ENABLE_HARDENED_RUNTIME = YES;
				ENABLE_PREVIEWS = YES;
				INFOPLIST_FILE = macOS/Info.plist;
				LD_RUNPATH_SEARCH_PATHS = (
					"$(inherited)",
					"@executable_path/../Frameworks",
				);
				MACOSX_DEPLOYMENT_TARGET = 11.0;
				PRODUCT_BUNDLE_IDENTIFIER = "com.slusarzjan.Trening-icloud3macos";
				PRODUCT_NAME = Trening_icloud3;
				SDKROOT = macosx;
				SWIFT_VERSION = 5.0;
			};
			name = Debug;
		};
		CE2E670526C919E800AB6282 /* Release */ = {
			isa = XCBuildConfiguration;
			buildSettings = {
				ASSETCATALOG_COMPILER_APPICON_NAME = AppIcon;
				ASSETCATALOG_COMPILER_GLOBAL_ACCENT_COLOR_NAME = AccentColor;
				CODE_SIGN_ENTITLEMENTS = macOS/macOS.entitlements;
				CODE_SIGN_STYLE = Automatic;
				COMBINE_HIDPI_IMAGES = YES;
				DEVELOPMENT_TEAM = RKV664A9KV;
				ENABLE_HARDENED_RUNTIME = YES;
				ENABLE_PREVIEWS = YES;
				INFOPLIST_FILE = macOS/Info.plist;
				LD_RUNPATH_SEARCH_PATHS = (
					"$(inherited)",
					"@executable_path/../Frameworks",
				);
				MACOSX_DEPLOYMENT_TARGET = 11.0;
				PRODUCT_BUNDLE_IDENTIFIER = "com.slusarzjan.Trening-icloud3macos";
				PRODUCT_NAME = Trening_icloud3;
				SDKROOT = macosx;
				SWIFT_VERSION = 5.0;
			};
			name = Release;
		};
		CEEB8FB12732881600F4E36A /* Debug */ = {
			isa = XCBuildConfiguration;
			buildSettings = {
				CLANG_CXX_LANGUAGE_STANDARD = "gnu++17";
				CODE_SIGN_STYLE = Automatic;
				CURRENT_PROJECT_VERSION = 1;
				DEVELOPMENT_TEAM = RKV664A9KV;
				GENERATE_INFOPLIST_FILE = YES;
				IPHONEOS_DEPLOYMENT_TARGET = 15.0;
				LD_RUNPATH_SEARCH_PATHS = (
					"$(inherited)",
					"@executable_path/Frameworks",
					"@loader_path/Frameworks",
				);
				MARKETING_VERSION = 1.0;
				PRODUCT_BUNDLE_IDENTIFIER = "com.griffnee.test1.UITests-iOS";
				PRODUCT_NAME = "$(TARGET_NAME)";
				SDKROOT = iphoneos;
				SWIFT_EMIT_LOC_STRINGS = NO;
				SWIFT_VERSION = 5.0;
				TARGETED_DEVICE_FAMILY = "1,2";
				TEST_TARGET_NAME = "Trening_icloud3 (iOS)";
			};
			name = Debug;
		};
		CEEB8FB22732881600F4E36A /* Release */ = {
			isa = XCBuildConfiguration;
			buildSettings = {
				CLANG_CXX_LANGUAGE_STANDARD = "gnu++17";
				CODE_SIGN_STYLE = Automatic;
				CURRENT_PROJECT_VERSION = 1;
				DEVELOPMENT_TEAM = RKV664A9KV;
				GENERATE_INFOPLIST_FILE = YES;
				IPHONEOS_DEPLOYMENT_TARGET = 15.0;
				LD_RUNPATH_SEARCH_PATHS = (
					"$(inherited)",
					"@executable_path/Frameworks",
					"@loader_path/Frameworks",
				);
				MARKETING_VERSION = 1.0;
				PRODUCT_BUNDLE_IDENTIFIER = "com.griffnee.test1.UITests-iOS";
				PRODUCT_NAME = "$(TARGET_NAME)";
				SDKROOT = iphoneos;
				SWIFT_EMIT_LOC_STRINGS = NO;
				SWIFT_VERSION = 5.0;
				TARGETED_DEVICE_FAMILY = "1,2";
				TEST_TARGET_NAME = "Trening_icloud3 (iOS)";
				VALIDATE_PRODUCT = YES;
			};
			name = Release;
		};
/* End XCBuildConfiguration section */

/* Begin XCConfigurationList section */
		CE2E66DC26C919E700AB6282 /* Build configuration list for PBXProject "Trening_icloud3" */ = {
			isa = XCConfigurationList;
			buildConfigurations = (
				CE2E66FE26C919E800AB6282 /* Debug */,
				CE2E66FF26C919E800AB6282 /* Release */,
			);
			defaultConfigurationIsVisible = 0;
			defaultConfigurationName = Release;
		};
		CE2E670026C919E800AB6282 /* Build configuration list for PBXNativeTarget "Trening_icloud3 (iOS)" */ = {
			isa = XCConfigurationList;
			buildConfigurations = (
				CE2E670126C919E800AB6282 /* Debug */,
				CE2E670226C919E800AB6282 /* Release */,
			);
			defaultConfigurationIsVisible = 0;
			defaultConfigurationName = Release;
		};
		CE2E670326C919E800AB6282 /* Build configuration list for PBXNativeTarget "Trening_icloud3 (macOS)" */ = {
			isa = XCConfigurationList;
			buildConfigurations = (
				CE2E670426C919E800AB6282 /* Debug */,
				CE2E670526C919E800AB6282 /* Release */,
			);
			defaultConfigurationIsVisible = 0;
			defaultConfigurationName = Release;
		};
		CEEB8FB32732881600F4E36A /* Build configuration list for PBXNativeTarget "UITests" */ = {
			isa = XCConfigurationList;
			buildConfigurations = (
				CEEB8FB12732881600F4E36A /* Debug */,
				CEEB8FB22732881600F4E36A /* Release */,
			);
			defaultConfigurationIsVisible = 0;
			defaultConfigurationName = Release;
		};
/* End XCConfigurationList section */

/* Begin XCVersionGroup section */
		CE2E670F26C9B42F00AB6282 /* Model.xcdatamodeld */ = {
			isa = XCVersionGroup;
			children = (
				CE2E671026C9B42F00AB6282 /* Model.xcdatamodel */,
			);
			currentVersion = CE2E671026C9B42F00AB6282 /* Model.xcdatamodel */;
			path = Model.xcdatamodeld;
			sourceTree = "<group>";
			versionGroupType = wrapper.xcdatamodel;
		};
/* End XCVersionGroup section */
	};
	rootObject = CE2E66D926C919E700AB6282 /* Project object */;
}
