// !$*UTF8*$!
{
	archiveVersion = 1;
	classes = {
	};
	objectVersion = 50;
	objects = {

/* Begin PBXBuildFile section */
		CE2E66F826C919E800AB6282 /* ContentView.swift in Sources */ = {isa = PBXBuildFile; fileRef = CE2E66E126C919E700AB6282 /* ContentView.swift */; };
		CE2E66F926C919E800AB6282 /* ContentView.swift in Sources */ = {isa = PBXBuildFile; fileRef = CE2E66E126C919E700AB6282 /* ContentView.swift */; };
		CE2E66FC26C919E800AB6282 /* Assets.xcassets in Resources */ = {isa = PBXBuildFile; fileRef = CE2E66E326C919E800AB6282 /* Assets.xcassets */; };
		CE2E66FD26C919E800AB6282 /* Assets.xcassets in Resources */ = {isa = PBXBuildFile; fileRef = CE2E66E326C919E800AB6282 /* Assets.xcassets */; };
		CE2E670926C919FB00AB6282 /* CloudKit.framework in Frameworks */ = {isa = PBXBuildFile; fileRef = CE2E670826C919FB00AB6282 /* CloudKit.framework */; };
		CE2E670B26C91A1300AB6282 /* CloudKit.framework in Frameworks */ = {isa = PBXBuildFile; fileRef = CE2E670A26C91A1300AB6282 /* CloudKit.framework */; };
		CE2E670D26C9B3CE00AB6282 /* InputInteractor.swift in Sources */ = {isa = PBXBuildFile; fileRef = CE2E670C26C9B3CE00AB6282 /* InputInteractor.swift */; };
		CE2E670E26C9B3CE00AB6282 /* InputInteractor.swift in Sources */ = {isa = PBXBuildFile; fileRef = CE2E670C26C9B3CE00AB6282 /* InputInteractor.swift */; };
		CE2E671126C9B42F00AB6282 /* Model.xcdatamodeld in Sources */ = {isa = PBXBuildFile; fileRef = CE2E670F26C9B42F00AB6282 /* Model.xcdatamodeld */; };
		CE2E671226C9B42F00AB6282 /* Model.xcdatamodeld in Sources */ = {isa = PBXBuildFile; fileRef = CE2E670F26C9B42F00AB6282 /* Model.xcdatamodeld */; };
		CE2E671326C9B4A600AB6282 /* ScreenFactory.swift in Sources */ = {isa = PBXBuildFile; fileRef = CED0436626C93C8800B7D003 /* ScreenFactory.swift */; };
		CE2E671426C9B4B800AB6282 /* InputDetailsScreen.swift in Sources */ = {isa = PBXBuildFile; fileRef = CED0437426C93C9700B7D003 /* InputDetailsScreen.swift */; };
		CE2E671626C9B52A00AB6282 /* Trening_icloud3.swift in Sources */ = {isa = PBXBuildFile; fileRef = CE2E671526C9B52A00AB6282 /* Trening_icloud3.swift */; };
		CE2E671726C9B52A00AB6282 /* Trening_icloud3.swift in Sources */ = {isa = PBXBuildFile; fileRef = CE2E671526C9B52A00AB6282 /* Trening_icloud3.swift */; };
		CE324AA826CDA7060029B2C4 /* YetAnotherCoreDataTest.swift in Sources */ = {isa = PBXBuildFile; fileRef = CE324AA726CDA7060029B2C4 /* YetAnotherCoreDataTest.swift */; };
		CE324AA926CDA7060029B2C4 /* YetAnotherCoreDataTest.swift in Sources */ = {isa = PBXBuildFile; fileRef = CE324AA726CDA7060029B2C4 /* YetAnotherCoreDataTest.swift */; };
		CED0433F26C93C5800B7D003 /* AppState.swift in Sources */ = {isa = PBXBuildFile; fileRef = CED0433E26C93C5800B7D003 /* AppState.swift */; };
		CED0434026C93C5800B7D003 /* AppState.swift in Sources */ = {isa = PBXBuildFile; fileRef = CED0433E26C93C5800B7D003 /* AppState.swift */; };
		CED0434726C93C6300B7D003 /* CurrentValueSubject+Extensions.swift in Sources */ = {isa = PBXBuildFile; fileRef = CED0434126C93C6300B7D003 /* CurrentValueSubject+Extensions.swift */; };
		CED0434826C93C6300B7D003 /* CurrentValueSubject+Extensions.swift in Sources */ = {isa = PBXBuildFile; fileRef = CED0434126C93C6300B7D003 /* CurrentValueSubject+Extensions.swift */; };
		CED0434926C93C6300B7D003 /* Container.swift in Sources */ = {isa = PBXBuildFile; fileRef = CED0434226C93C6300B7D003 /* Container.swift */; };
		CED0434A26C93C6300B7D003 /* Container.swift in Sources */ = {isa = PBXBuildFile; fileRef = CED0434226C93C6300B7D003 /* Container.swift */; };
		CED0434B26C93C6300B7D003 /* CustomButtonStyle.swift in Sources */ = {isa = PBXBuildFile; fileRef = CED0434326C93C6300B7D003 /* CustomButtonStyle.swift */; };
		CED0434C26C93C6300B7D003 /* CustomButtonStyle.swift in Sources */ = {isa = PBXBuildFile; fileRef = CED0434326C93C6300B7D003 /* CustomButtonStyle.swift */; };
		CED0434D26C93C6300B7D003 /* ContentView.swift in Sources */ = {isa = PBXBuildFile; fileRef = CED0434426C93C6300B7D003 /* ContentView.swift */; };
		CED0434E26C93C6300B7D003 /* ContentView.swift in Sources */ = {isa = PBXBuildFile; fileRef = CED0434426C93C6300B7D003 /* ContentView.swift */; };
		CED0434F26C93C6300B7D003 /* CoreDataSaveModelPublisher.swift in Sources */ = {isa = PBXBuildFile; fileRef = CED0434526C93C6300B7D003 /* CoreDataSaveModelPublisher.swift */; };
		CED0435026C93C6300B7D003 /* CoreDataSaveModelPublisher.swift in Sources */ = {isa = PBXBuildFile; fileRef = CED0434526C93C6300B7D003 /* CoreDataSaveModelPublisher.swift */; };
		CED0435126C93C6300B7D003 /* CustomtextfieldStyle.swift in Sources */ = {isa = PBXBuildFile; fileRef = CED0434626C93C6300B7D003 /* CustomtextfieldStyle.swift */; };
		CED0435226C93C6300B7D003 /* CustomtextfieldStyle.swift in Sources */ = {isa = PBXBuildFile; fileRef = CED0434626C93C6300B7D003 /* CustomtextfieldStyle.swift */; };
		CED0435526C93C7C00B7D003 /* NavigationBar.swift in Sources */ = {isa = PBXBuildFile; fileRef = CED0435326C93C7C00B7D003 /* NavigationBar.swift */; };
		CED0435626C93C7C00B7D003 /* NavigationBar.swift in Sources */ = {isa = PBXBuildFile; fileRef = CED0435326C93C7C00B7D003 /* NavigationBar.swift */; };
		CED0435726C93C7C00B7D003 /* NavigationBarModifier.swift in Sources */ = {isa = PBXBuildFile; fileRef = CED0435426C93C7C00B7D003 /* NavigationBarModifier.swift */; };
		CED0435D26C93C8300B7D003 /* NavigationController.swift in Sources */ = {isa = PBXBuildFile; fileRef = CED0435926C93C8300B7D003 /* NavigationController.swift */; };
		CED0435F26C93C8300B7D003 /* InboxNavigationController.swift in Sources */ = {isa = PBXBuildFile; fileRef = CED0435A26C93C8300B7D003 /* InboxNavigationController.swift */; };
		CED0436126C93C8300B7D003 /* TaskNavigationController.swift in Sources */ = {isa = PBXBuildFile; fileRef = CED0435B26C93C8300B7D003 /* TaskNavigationController.swift */; };
		CED0436326C93C8300B7D003 /* ProjectNavigationController.swift in Sources */ = {isa = PBXBuildFile; fileRef = CED0435C26C93C8300B7D003 /* ProjectNavigationController.swift */; };
		CED0436826C93C8800B7D003 /* Strategy.swift in Sources */ = {isa = PBXBuildFile; fileRef = CED0436526C93C8800B7D003 /* Strategy.swift */; };
		CED0436926C93C8800B7D003 /* Strategy.swift in Sources */ = {isa = PBXBuildFile; fileRef = CED0436526C93C8800B7D003 /* Strategy.swift */; };
		CED0436C26C93C8800B7D003 /* StackScreenViewController.swift in Sources */ = {isa = PBXBuildFile; fileRef = CED0436726C93C8800B7D003 /* StackScreenViewController.swift */; };
		CED0437026C93C9000B7D003 /* StackAction.swift in Sources */ = {isa = PBXBuildFile; fileRef = CED0436E26C93C9000B7D003 /* StackAction.swift */; };
		CED0437126C93C9000B7D003 /* StackAction.swift in Sources */ = {isa = PBXBuildFile; fileRef = CED0436E26C93C9000B7D003 /* StackAction.swift */; };
		CED0437226C93C9000B7D003 /* Router.swift in Sources */ = {isa = PBXBuildFile; fileRef = CED0436F26C93C9000B7D003 /* Router.swift */; };
		CED0437C26C93C9800B7D003 /* TaskScreen.swift in Sources */ = {isa = PBXBuildFile; fileRef = CED0437526C93C9700B7D003 /* TaskScreen.swift */; };
		CED0437E26C93C9800B7D003 /* TaskDetailsScreen.swift in Sources */ = {isa = PBXBuildFile; fileRef = CED0437626C93C9700B7D003 /* TaskDetailsScreen.swift */; };
		CED0438026C93C9800B7D003 /* ProjectDetailsScreen.swift in Sources */ = {isa = PBXBuildFile; fileRef = CED0437726C93C9700B7D003 /* ProjectDetailsScreen.swift */; };
		CED0438226C93C9800B7D003 /* InboxScreen.swift in Sources */ = {isa = PBXBuildFile; fileRef = CED0437826C93C9700B7D003 /* InboxScreen.swift */; };
		CED0438426C93C9800B7D003 /* ProjectsScreen.swift in Sources */ = {isa = PBXBuildFile; fileRef = CED0437926C93C9800B7D003 /* ProjectsScreen.swift */; };
		CED0438826C93C9D00B7D003 /* TabBar.swift in Sources */ = {isa = PBXBuildFile; fileRef = CED0438626C93C9D00B7D003 /* TabBar.swift */; };
		CED0438A26C93C9D00B7D003 /* SType.swift in Sources */ = {isa = PBXBuildFile; fileRef = CED0438726C93C9D00B7D003 /* SType.swift */; };
		CED0438B26C93C9D00B7D003 /* SType.swift in Sources */ = {isa = PBXBuildFile; fileRef = CED0438726C93C9D00B7D003 /* SType.swift */; };
		CED0439126C93CAB00B7D003 /* MacView.swift in Sources */ = {isa = PBXBuildFile; fileRef = CED0438C26C93CAA00B7D003 /* MacView.swift */; };
		CED0439226C93CAB00B7D003 /* InputDetailsScreen_mac.swift in Sources */ = {isa = PBXBuildFile; fileRef = CED0438D26C93CAA00B7D003 /* InputDetailsScreen_mac.swift */; };
		CED0439326C93CAB00B7D003 /* InputDetailsScreen_mac.swift in Sources */ = {isa = PBXBuildFile; fileRef = CED0438D26C93CAA00B7D003 /* InputDetailsScreen_mac.swift */; };
		CED0439526C93CAB00B7D003 /* MiddleBarScreen.swift in Sources */ = {isa = PBXBuildFile; fileRef = CED0438E26C93CAA00B7D003 /* MiddleBarScreen.swift */; };
		CED0439726C93CAB00B7D003 /* CanvasScreen.swift in Sources */ = {isa = PBXBuildFile; fileRef = CED0438F26C93CAA00B7D003 /* CanvasScreen.swift */; };
		CED0439C26C93CB100B7D003 /* MiddleType.swift in Sources */ = {isa = PBXBuildFile; fileRef = CED0439826C93CB100B7D003 /* MiddleType.swift */; };
		CED0439D26C93CB100B7D003 /* MiddleType.swift in Sources */ = {isa = PBXBuildFile; fileRef = CED0439826C93CB100B7D003 /* MiddleType.swift */; };
		CED0439F26C93CB100B7D003 /* SideBarScreen.swift in Sources */ = {isa = PBXBuildFile; fileRef = CED0439926C93CB100B7D003 /* SideBarScreen.swift */; };
		CED043A126C93CB100B7D003 /* Router_mac.swift in Sources */ = {isa = PBXBuildFile; fileRef = CED0439A26C93CB100B7D003 /* Router_mac.swift */; };
		CED043A326C93CB100B7D003 /* TaskDetailsScreen_mac.swift in Sources */ = {isa = PBXBuildFile; fileRef = CED0439B26C93CB100B7D003 /* TaskDetailsScreen_mac.swift */; };
		CED043AB26C93CDB00B7D003 /* Models.swift in Sources */ = {isa = PBXBuildFile; fileRef = CED043A426C93CDA00B7D003 /* Models.swift */; };
		CED043AC26C93CDB00B7D003 /* Models.swift in Sources */ = {isa = PBXBuildFile; fileRef = CED043A426C93CDA00B7D003 /* Models.swift */; };
		CED043AD26C93CDB00B7D003 /* Persistance.swift in Sources */ = {isa = PBXBuildFile; fileRef = CED043A526C93CDA00B7D003 /* Persistance.swift */; };
		CED043AE26C93CDB00B7D003 /* Persistance.swift in Sources */ = {isa = PBXBuildFile; fileRef = CED043A526C93CDA00B7D003 /* Persistance.swift */; };
		CED043B126C93CDB00B7D003 /* TaskInteractor.swift in Sources */ = {isa = PBXBuildFile; fileRef = CED043A826C93CDA00B7D003 /* TaskInteractor.swift */; };
		CED043B226C93CDB00B7D003 /* TaskInteractor.swift in Sources */ = {isa = PBXBuildFile; fileRef = CED043A826C93CDA00B7D003 /* TaskInteractor.swift */; };
		CED043B326C93CDB00B7D003 /* ProjectsInteractor.swift in Sources */ = {isa = PBXBuildFile; fileRef = CED043A926C93CDA00B7D003 /* ProjectsInteractor.swift */; };
		CED043B426C93CDB00B7D003 /* ProjectsInteractor.swift in Sources */ = {isa = PBXBuildFile; fileRef = CED043A926C93CDA00B7D003 /* ProjectsInteractor.swift */; };
		CED043B526C93CDB00B7D003 /* TestCoreData_Combine.swift in Sources */ = {isa = PBXBuildFile; fileRef = CED043AA26C93CDA00B7D003 /* TestCoreData_Combine.swift */; };
		CED043B626C93CDB00B7D003 /* TestCoreData_Combine.swift in Sources */ = {isa = PBXBuildFile; fileRef = CED043AA26C93CDA00B7D003 /* TestCoreData_Combine.swift */; };
		CED043BB26C93CE200B7D003 /* InputsList.swift in Sources */ = {isa = PBXBuildFile; fileRef = CED043B726C93CE200B7D003 /* InputsList.swift */; };
		CED043BC26C93CE200B7D003 /* InputsList.swift in Sources */ = {isa = PBXBuildFile; fileRef = CED043B726C93CE200B7D003 /* InputsList.swift */; };
		CED043BD26C93CE200B7D003 /* ProjectsList.swift in Sources */ = {isa = PBXBuildFile; fileRef = CED043B826C93CE200B7D003 /* ProjectsList.swift */; };
		CED043BE26C93CE200B7D003 /* ProjectsList.swift in Sources */ = {isa = PBXBuildFile; fileRef = CED043B826C93CE200B7D003 /* ProjectsList.swift */; };
		CED043C026C93CE200B7D003 /* TasksList.swift in Sources */ = {isa = PBXBuildFile; fileRef = CED043B926C93CE200B7D003 /* TasksList.swift */; };
		CED043C126C93CE200B7D003 /* MacButton.swift in Sources */ = {isa = PBXBuildFile; fileRef = CED043BA26C93CE200B7D003 /* MacButton.swift */; };
		CED043C226C93CE200B7D003 /* MacButton.swift in Sources */ = {isa = PBXBuildFile; fileRef = CED043BA26C93CE200B7D003 /* MacButton.swift */; };
/* End PBXBuildFile section */

/* Begin PBXFileReference section */
		CE2E66E126C919E700AB6282 /* ContentView.swift */ = {isa = PBXFileReference; lastKnownFileType = sourcecode.swift; path = ContentView.swift; sourceTree = "<group>"; };
		CE2E66E326C919E800AB6282 /* Assets.xcassets */ = {isa = PBXFileReference; lastKnownFileType = folder.assetcatalog; path = Assets.xcassets; sourceTree = "<group>"; };
		CE2E66E826C919E800AB6282 /* Trening_icloud3.app */ = {isa = PBXFileReference; explicitFileType = wrapper.application; includeInIndex = 0; path = Trening_icloud3.app; sourceTree = BUILT_PRODUCTS_DIR; };
		CE2E66EB26C919E800AB6282 /* Info.plist */ = {isa = PBXFileReference; lastKnownFileType = text.plist.xml; path = Info.plist; sourceTree = "<group>"; };
		CE2E66F026C919E800AB6282 /* Trening_icloud3.app */ = {isa = PBXFileReference; explicitFileType = wrapper.application; includeInIndex = 0; path = Trening_icloud3.app; sourceTree = BUILT_PRODUCTS_DIR; };
		CE2E66F226C919E800AB6282 /* Info.plist */ = {isa = PBXFileReference; lastKnownFileType = text.plist.xml; path = Info.plist; sourceTree = "<group>"; };
		CE2E66F326C919E800AB6282 /* macOS.entitlements */ = {isa = PBXFileReference; lastKnownFileType = text.plist.entitlements; path = macOS.entitlements; sourceTree = "<group>"; };
		CE2E670626C919F900AB6282 /* Trening_icloud3.entitlements */ = {isa = PBXFileReference; lastKnownFileType = text.plist.entitlements; path = Trening_icloud3.entitlements; sourceTree = "<group>"; };
		CE2E670826C919FB00AB6282 /* CloudKit.framework */ = {isa = PBXFileReference; lastKnownFileType = wrapper.framework; name = CloudKit.framework; path = Platforms/iPhoneOS.platform/Developer/SDKs/iPhoneOS14.5.sdk/System/Library/Frameworks/CloudKit.framework; sourceTree = DEVELOPER_DIR; };
		CE2E670A26C91A1300AB6282 /* CloudKit.framework */ = {isa = PBXFileReference; lastKnownFileType = wrapper.framework; name = CloudKit.framework; path = System/Library/Frameworks/CloudKit.framework; sourceTree = SDKROOT; };
		CE2E670C26C9B3CE00AB6282 /* InputInteractor.swift */ = {isa = PBXFileReference; lastKnownFileType = sourcecode.swift; path = InputInteractor.swift; sourceTree = "<group>"; };
		CE2E671026C9B42F00AB6282 /* Model.xcdatamodel */ = {isa = PBXFileReference; lastKnownFileType = wrapper.xcdatamodel; path = Model.xcdatamodel; sourceTree = "<group>"; };
		CE2E671526C9B52A00AB6282 /* Trening_icloud3.swift */ = {isa = PBXFileReference; lastKnownFileType = sourcecode.swift; path = Trening_icloud3.swift; sourceTree = "<group>"; };
		CE324AA726CDA7060029B2C4 /* YetAnotherCoreDataTest.swift */ = {isa = PBXFileReference; lastKnownFileType = sourcecode.swift; path = YetAnotherCoreDataTest.swift; sourceTree = "<group>"; };
		CED0433E26C93C5800B7D003 /* AppState.swift */ = {isa = PBXFileReference; fileEncoding = 4; lastKnownFileType = sourcecode.swift; name = AppState.swift; path = Shared/AppState.swift; sourceTree = "<group>"; };
		CED0434126C93C6300B7D003 /* CurrentValueSubject+Extensions.swift */ = {isa = PBXFileReference; fileEncoding = 4; lastKnownFileType = sourcecode.swift; name = "CurrentValueSubject+Extensions.swift"; path = "Shared/CurrentValueSubject+Extensions.swift"; sourceTree = "<group>"; };
		CED0434226C93C6300B7D003 /* Container.swift */ = {isa = PBXFileReference; fileEncoding = 4; lastKnownFileType = sourcecode.swift; name = Container.swift; path = Shared/Container.swift; sourceTree = "<group>"; };
		CED0434326C93C6300B7D003 /* CustomButtonStyle.swift */ = {isa = PBXFileReference; fileEncoding = 4; lastKnownFileType = sourcecode.swift; name = CustomButtonStyle.swift; path = Shared/CustomButtonStyle.swift; sourceTree = "<group>"; };
		CED0434426C93C6300B7D003 /* ContentView.swift */ = {isa = PBXFileReference; fileEncoding = 4; lastKnownFileType = sourcecode.swift; name = ContentView.swift; path = Shared/ContentView.swift; sourceTree = "<group>"; };
		CED0434526C93C6300B7D003 /* CoreDataSaveModelPublisher.swift */ = {isa = PBXFileReference; fileEncoding = 4; lastKnownFileType = sourcecode.swift; name = CoreDataSaveModelPublisher.swift; path = Shared/CoreDataSaveModelPublisher.swift; sourceTree = "<group>"; };
		CED0434626C93C6300B7D003 /* CustomtextfieldStyle.swift */ = {isa = PBXFileReference; fileEncoding = 4; lastKnownFileType = sourcecode.swift; name = CustomtextfieldStyle.swift; path = Shared/CustomtextfieldStyle.swift; sourceTree = "<group>"; };
		CED0435326C93C7C00B7D003 /* NavigationBar.swift */ = {isa = PBXFileReference; fileEncoding = 4; lastKnownFileType = sourcecode.swift; name = NavigationBar.swift; path = "Shared/iOS UI/Navigation/NavigationBar.swift"; sourceTree = "<group>"; };
		CED0435426C93C7C00B7D003 /* NavigationBarModifier.swift */ = {isa = PBXFileReference; fileEncoding = 4; lastKnownFileType = sourcecode.swift; name = NavigationBarModifier.swift; path = "Shared/iOS UI/Navigation/NavigationBarModifier.swift"; sourceTree = "<group>"; };
		CED0435926C93C8300B7D003 /* NavigationController.swift */ = {isa = PBXFileReference; fileEncoding = 4; lastKnownFileType = sourcecode.swift; name = NavigationController.swift; path = "Shared/iOS UI/Navigation/NavigationControllers/NavigationController.swift"; sourceTree = "<group>"; };
		CED0435A26C93C8300B7D003 /* InboxNavigationController.swift */ = {isa = PBXFileReference; fileEncoding = 4; lastKnownFileType = sourcecode.swift; name = InboxNavigationController.swift; path = "Shared/iOS UI/Navigation/NavigationControllers/InboxNavigationController.swift"; sourceTree = "<group>"; };
		CED0435B26C93C8300B7D003 /* TaskNavigationController.swift */ = {isa = PBXFileReference; fileEncoding = 4; lastKnownFileType = sourcecode.swift; name = TaskNavigationController.swift; path = "Shared/iOS UI/Navigation/NavigationControllers/TaskNavigationController.swift"; sourceTree = "<group>"; };
		CED0435C26C93C8300B7D003 /* ProjectNavigationController.swift */ = {isa = PBXFileReference; fileEncoding = 4; lastKnownFileType = sourcecode.swift; name = ProjectNavigationController.swift; path = "Shared/iOS UI/Navigation/NavigationControllers/ProjectNavigationController.swift"; sourceTree = "<group>"; };
		CED0436526C93C8800B7D003 /* Strategy.swift */ = {isa = PBXFileReference; fileEncoding = 4; lastKnownFileType = sourcecode.swift; name = Strategy.swift; path = "Shared/iOS UI/Navigation/Strategy.swift"; sourceTree = "<group>"; };
		CED0436626C93C8800B7D003 /* ScreenFactory.swift */ = {isa = PBXFileReference; fileEncoding = 4; lastKnownFileType = sourcecode.swift; name = ScreenFactory.swift; path = "Shared/iOS UI/Navigation/ScreenFactory.swift"; sourceTree = "<group>"; };
		CED0436726C93C8800B7D003 /* StackScreenViewController.swift */ = {isa = PBXFileReference; fileEncoding = 4; lastKnownFileType = sourcecode.swift; name = StackScreenViewController.swift; path = "Shared/iOS UI/Navigation/StackScreenViewController.swift"; sourceTree = "<group>"; };
		CED0436E26C93C9000B7D003 /* StackAction.swift */ = {isa = PBXFileReference; fileEncoding = 4; lastKnownFileType = sourcecode.swift; name = StackAction.swift; path = "Shared/iOS UI/Navigation/ViewStack/StackAction.swift"; sourceTree = "<group>"; };
		CED0436F26C93C9000B7D003 /* Router.swift */ = {isa = PBXFileReference; fileEncoding = 4; lastKnownFileType = sourcecode.swift; name = Router.swift; path = "Shared/iOS UI/Navigation/ViewStack/Router.swift"; sourceTree = "<group>"; };
		CED0437426C93C9700B7D003 /* InputDetailsScreen.swift */ = {isa = PBXFileReference; fileEncoding = 4; lastKnownFileType = sourcecode.swift; name = InputDetailsScreen.swift; path = "Shared/iOS UI/Screens/InputDetailsScreen.swift"; sourceTree = "<group>"; };
		CED0437526C93C9700B7D003 /* TaskScreen.swift */ = {isa = PBXFileReference; fileEncoding = 4; lastKnownFileType = sourcecode.swift; name = TaskScreen.swift; path = "Shared/iOS UI/Screens/TaskScreen.swift"; sourceTree = "<group>"; };
		CED0437626C93C9700B7D003 /* TaskDetailsScreen.swift */ = {isa = PBXFileReference; fileEncoding = 4; lastKnownFileType = sourcecode.swift; name = TaskDetailsScreen.swift; path = "Shared/iOS UI/Screens/TaskDetailsScreen.swift"; sourceTree = "<group>"; };
		CED0437726C93C9700B7D003 /* ProjectDetailsScreen.swift */ = {isa = PBXFileReference; fileEncoding = 4; lastKnownFileType = sourcecode.swift; name = ProjectDetailsScreen.swift; path = "Shared/iOS UI/Screens/ProjectDetailsScreen.swift"; sourceTree = "<group>"; };
		CED0437826C93C9700B7D003 /* InboxScreen.swift */ = {isa = PBXFileReference; fileEncoding = 4; lastKnownFileType = sourcecode.swift; name = InboxScreen.swift; path = "Shared/iOS UI/Screens/InboxScreen.swift"; sourceTree = "<group>"; };
		CED0437926C93C9800B7D003 /* ProjectsScreen.swift */ = {isa = PBXFileReference; fileEncoding = 4; lastKnownFileType = sourcecode.swift; name = ProjectsScreen.swift; path = "Shared/iOS UI/Screens/ProjectsScreen.swift"; sourceTree = "<group>"; };
		CED0438626C93C9D00B7D003 /* TabBar.swift */ = {isa = PBXFileReference; fileEncoding = 4; lastKnownFileType = sourcecode.swift; name = TabBar.swift; path = "Shared/iOS UI/TabBar.swift"; sourceTree = "<group>"; };
		CED0438726C93C9D00B7D003 /* SType.swift */ = {isa = PBXFileReference; fileEncoding = 4; lastKnownFileType = sourcecode.swift; name = SType.swift; path = "Shared/iOS UI/SType.swift"; sourceTree = "<group>"; };
		CED0438C26C93CAA00B7D003 /* MacView.swift */ = {isa = PBXFileReference; fileEncoding = 4; lastKnownFileType = sourcecode.swift; name = MacView.swift; path = Shared/macosUI/Screens/MacView.swift; sourceTree = "<group>"; };
		CED0438D26C93CAA00B7D003 /* InputDetailsScreen_mac.swift */ = {isa = PBXFileReference; fileEncoding = 4; lastKnownFileType = sourcecode.swift; name = InputDetailsScreen_mac.swift; path = Shared/macosUI/Screens/InputDetailsScreen_mac.swift; sourceTree = "<group>"; };
		CED0438E26C93CAA00B7D003 /* MiddleBarScreen.swift */ = {isa = PBXFileReference; fileEncoding = 4; lastKnownFileType = sourcecode.swift; name = MiddleBarScreen.swift; path = Shared/macosUI/Screens/MiddleBarScreen.swift; sourceTree = "<group>"; };
		CED0438F26C93CAA00B7D003 /* CanvasScreen.swift */ = {isa = PBXFileReference; fileEncoding = 4; lastKnownFileType = sourcecode.swift; name = CanvasScreen.swift; path = Shared/macosUI/Screens/CanvasScreen.swift; sourceTree = "<group>"; };
		CED0439826C93CB100B7D003 /* MiddleType.swift */ = {isa = PBXFileReference; fileEncoding = 4; lastKnownFileType = sourcecode.swift; name = MiddleType.swift; path = Shared/macosUI/Screens/Navigation/MiddleType.swift; sourceTree = "<group>"; };
		CED0439926C93CB100B7D003 /* SideBarScreen.swift */ = {isa = PBXFileReference; fileEncoding = 4; lastKnownFileType = sourcecode.swift; name = SideBarScreen.swift; path = Shared/macosUI/Screens/SideBarScreen.swift; sourceTree = "<group>"; };
		CED0439A26C93CB100B7D003 /* Router_mac.swift */ = {isa = PBXFileReference; fileEncoding = 4; lastKnownFileType = sourcecode.swift; name = Router_mac.swift; path = Shared/macosUI/Screens/Navigation/Router_mac.swift; sourceTree = "<group>"; };
		CED0439B26C93CB100B7D003 /* TaskDetailsScreen_mac.swift */ = {isa = PBXFileReference; fileEncoding = 4; lastKnownFileType = sourcecode.swift; name = TaskDetailsScreen_mac.swift; path = Shared/macosUI/Screens/TaskDetailsScreen_mac.swift; sourceTree = "<group>"; };
		CED043A426C93CDA00B7D003 /* Models.swift */ = {isa = PBXFileReference; fileEncoding = 4; lastKnownFileType = sourcecode.swift; name = Models.swift; path = Shared/Models.swift; sourceTree = "<group>"; };
		CED043A526C93CDA00B7D003 /* Persistance.swift */ = {isa = PBXFileReference; fileEncoding = 4; lastKnownFileType = sourcecode.swift; name = Persistance.swift; path = Shared/Persistance.swift; sourceTree = "<group>"; };
		CED043A826C93CDA00B7D003 /* TaskInteractor.swift */ = {isa = PBXFileReference; fileEncoding = 4; lastKnownFileType = sourcecode.swift; name = TaskInteractor.swift; path = Shared/TaskInteractor.swift; sourceTree = "<group>"; };
		CED043A926C93CDA00B7D003 /* ProjectsInteractor.swift */ = {isa = PBXFileReference; fileEncoding = 4; lastKnownFileType = sourcecode.swift; name = ProjectsInteractor.swift; path = Shared/ProjectsInteractor.swift; sourceTree = "<group>"; };
		CED043AA26C93CDA00B7D003 /* TestCoreData_Combine.swift */ = {isa = PBXFileReference; fileEncoding = 4; lastKnownFileType = sourcecode.swift; name = TestCoreData_Combine.swift; path = Shared/TestCoreData_Combine.swift; sourceTree = "<group>"; };
		CED043B726C93CE200B7D003 /* InputsList.swift */ = {isa = PBXFileReference; fileEncoding = 4; lastKnownFileType = sourcecode.swift; name = InputsList.swift; path = Shared/Views/InputsList.swift; sourceTree = "<group>"; };
		CED043B826C93CE200B7D003 /* ProjectsList.swift */ = {isa = PBXFileReference; fileEncoding = 4; lastKnownFileType = sourcecode.swift; name = ProjectsList.swift; path = Shared/Views/ProjectsList.swift; sourceTree = "<group>"; };
		CED043B926C93CE200B7D003 /* TasksList.swift */ = {isa = PBXFileReference; fileEncoding = 4; lastKnownFileType = sourcecode.swift; name = TasksList.swift; path = Shared/Views/TasksList.swift; sourceTree = "<group>"; };
		CED043BA26C93CE200B7D003 /* MacButton.swift */ = {isa = PBXFileReference; fileEncoding = 4; lastKnownFileType = sourcecode.swift; name = MacButton.swift; path = Shared/Views/MacButton.swift; sourceTree = "<group>"; };
/* End PBXFileReference section */

/* Begin PBXFrameworksBuildPhase section */
		CE2E66E526C919E800AB6282 /* Frameworks */ = {
			isa = PBXFrameworksBuildPhase;
			buildActionMask = 2147483647;
			files = (
				CE2E670926C919FB00AB6282 /* CloudKit.framework in Frameworks */,
			);
			runOnlyForDeploymentPostprocessing = 0;
		};
		CE2E66ED26C919E800AB6282 /* Frameworks */ = {
			isa = PBXFrameworksBuildPhase;
			buildActionMask = 2147483647;
			files = (
				CE2E670B26C91A1300AB6282 /* CloudKit.framework in Frameworks */,
			);
			runOnlyForDeploymentPostprocessing = 0;
		};
/* End PBXFrameworksBuildPhase section */

/* Begin PBXGroup section */
		CE2E66D826C919E700AB6282 = {
			isa = PBXGroup;
			children = (
				CE2E670F26C9B42F00AB6282 /* Model.xcdatamodeld */,
				CE2E670C26C9B3CE00AB6282 /* InputInteractor.swift */,
				CE2E670626C919F900AB6282 /* Trening_icloud3.entitlements */,
				CE2E671526C9B52A00AB6282 /* Trening_icloud3.swift */,
				CED0433E26C93C5800B7D003 /* AppState.swift */,
				CED0434226C93C6300B7D003 /* Container.swift */,
				CED0434426C93C6300B7D003 /* ContentView.swift */,
				CED0435326C93C7C00B7D003 /* NavigationBar.swift */,
				CED0435A26C93C8300B7D003 /* InboxNavigationController.swift */,
				CED0435926C93C8300B7D003 /* NavigationController.swift */,
				CED0436626C93C8800B7D003 /* ScreenFactory.swift */,
				CED0436726C93C8800B7D003 /* StackScreenViewController.swift */,
				CED0436526C93C8800B7D003 /* Strategy.swift */,
				CED0435C26C93C8300B7D003 /* ProjectNavigationController.swift */,
				CED0435B26C93C8300B7D003 /* TaskNavigationController.swift */,
				CED0436F26C93C9000B7D003 /* Router.swift */,
				CED0439A26C93CB100B7D003 /* Router_mac.swift */,
				CED0439926C93CB100B7D003 /* SideBarScreen.swift */,
				CED0438726C93C9D00B7D003 /* SType.swift */,
				CED043B726C93CE200B7D003 /* InputsList.swift */,
				CED043BA26C93CE200B7D003 /* MacButton.swift */,
				CED043B826C93CE200B7D003 /* ProjectsList.swift */,
				CED043B926C93CE200B7D003 /* TasksList.swift */,
				CED0438626C93C9D00B7D003 /* TabBar.swift */,
				CED0439826C93CB100B7D003 /* MiddleType.swift */,
				CED0439B26C93CB100B7D003 /* TaskDetailsScreen_mac.swift */,
				CED0437826C93C9700B7D003 /* InboxScreen.swift */,
				CED0437426C93C9700B7D003 /* InputDetailsScreen.swift */,
				CED0437726C93C9700B7D003 /* ProjectDetailsScreen.swift */,
				CED043A426C93CDA00B7D003 /* Models.swift */,
				CED043A526C93CDA00B7D003 /* Persistance.swift */,
				CED043A926C93CDA00B7D003 /* ProjectsInteractor.swift */,
				CED043A826C93CDA00B7D003 /* TaskInteractor.swift */,
				CED043AA26C93CDA00B7D003 /* TestCoreData_Combine.swift */,
				CED0438F26C93CAA00B7D003 /* CanvasScreen.swift */,
				CED0438D26C93CAA00B7D003 /* InputDetailsScreen_mac.swift */,
				CED0438C26C93CAA00B7D003 /* MacView.swift */,
				CED0438E26C93CAA00B7D003 /* MiddleBarScreen.swift */,
				CED0437926C93C9800B7D003 /* ProjectsScreen.swift */,
				CED0437626C93C9700B7D003 /* TaskDetailsScreen.swift */,
				CED0437526C93C9700B7D003 /* TaskScreen.swift */,
				CED0436E26C93C9000B7D003 /* StackAction.swift */,
				CED0435426C93C7C00B7D003 /* NavigationBarModifier.swift */,
				CED0434526C93C6300B7D003 /* CoreDataSaveModelPublisher.swift */,
				CE324AA726CDA7060029B2C4 /* YetAnotherCoreDataTest.swift */,
				CED0434126C93C6300B7D003 /* CurrentValueSubject+Extensions.swift */,
				CED0434326C93C6300B7D003 /* CustomButtonStyle.swift */,
				CED0434626C93C6300B7D003 /* CustomtextfieldStyle.swift */,
				CE2E66DD26C919E700AB6282 /* Shared */,
				CE2E66EA26C919E800AB6282 /* iOS */,
				CE2E66F126C919E800AB6282 /* macOS */,
				CE2E66E926C919E800AB6282 /* Products */,
				CE2E670726C919FB00AB6282 /* Frameworks */,
			);
			sourceTree = "<group>";
		};
		CE2E66DD26C919E700AB6282 /* Shared */ = {
			isa = PBXGroup;
			children = (
				CE2E66E126C919E700AB6282 /* ContentView.swift */,
				CE2E66E326C919E800AB6282 /* Assets.xcassets */,
			);
			path = Shared;
			sourceTree = "<group>";
		};
		CE2E66E926C919E800AB6282 /* Products */ = {
			isa = PBXGroup;
			children = (
				CE2E66E826C919E800AB6282 /* Trening_icloud3.app */,
				CE2E66F026C919E800AB6282 /* Trening_icloud3.app */,
			);
			name = Products;
			sourceTree = "<group>";
		};
		CE2E66EA26C919E800AB6282 /* iOS */ = {
			isa = PBXGroup;
			children = (
				CE2E66EB26C919E800AB6282 /* Info.plist */,
			);
			path = iOS;
			sourceTree = "<group>";
		};
		CE2E66F126C919E800AB6282 /* macOS */ = {
			isa = PBXGroup;
			children = (
				CE2E66F226C919E800AB6282 /* Info.plist */,
				CE2E66F326C919E800AB6282 /* macOS.entitlements */,
			);
			path = macOS;
			sourceTree = "<group>";
		};
		CE2E670726C919FB00AB6282 /* Frameworks */ = {
			isa = PBXGroup;
			children = (
				CE2E670A26C91A1300AB6282 /* CloudKit.framework */,
				CE2E670826C919FB00AB6282 /* CloudKit.framework */,
			);
			name = Frameworks;
			sourceTree = "<group>";
		};
/* End PBXGroup section */

/* Begin PBXNativeTarget section */
		CE2E66E726C919E800AB6282 /* Trening_icloud3 (iOS) */ = {
			isa = PBXNativeTarget;
			buildConfigurationList = CE2E670026C919E800AB6282 /* Build configuration list for PBXNativeTarget "Trening_icloud3 (iOS)" */;
			buildPhases = (
				CE2E66E426C919E800AB6282 /* Sources */,
				CE2E66E526C919E800AB6282 /* Frameworks */,
				CE2E66E626C919E800AB6282 /* Resources */,
			);
			buildRules = (
			);
			dependencies = (
			);
			name = "Trening_icloud3 (iOS)";
			productName = "Trening_icloud3 (iOS)";
			productReference = CE2E66E826C919E800AB6282 /* Trening_icloud3.app */;
			productType = "com.apple.product-type.application";
		};
		CE2E66EF26C919E800AB6282 /* Trening_icloud3 (macOS) */ = {
			isa = PBXNativeTarget;
			buildConfigurationList = CE2E670326C919E800AB6282 /* Build configuration list for PBXNativeTarget "Trening_icloud3 (macOS)" */;
			buildPhases = (
				CE2E66EC26C919E800AB6282 /* Sources */,
				CE2E66ED26C919E800AB6282 /* Frameworks */,
				CE2E66EE26C919E800AB6282 /* Resources */,
			);
			buildRules = (
			);
			dependencies = (
			);
			name = "Trening_icloud3 (macOS)";
			productName = "Trening_icloud3 (macOS)";
			productReference = CE2E66F026C919E800AB6282 /* Trening_icloud3.app */;
			productType = "com.apple.product-type.application";
		};
/* End PBXNativeTarget section */

/* Begin PBXProject section */
		CE2E66D926C919E700AB6282 /* Project object */ = {
			isa = PBXProject;
			attributes = {
				LastSwiftUpdateCheck = 1250;
				LastUpgradeCheck = 1250;
				TargetAttributes = {
					CE2E66E726C919E800AB6282 = {
						CreatedOnToolsVersion = 12.5.1;
					};
					CE2E66EF26C919E800AB6282 = {
						CreatedOnToolsVersion = 12.5.1;
					};
				};
			};
			buildConfigurationList = CE2E66DC26C919E700AB6282 /* Build configuration list for PBXProject "Trening_icloud3" */;
			compatibilityVersion = "Xcode 9.3";
			developmentRegion = en;
			hasScannedForEncodings = 0;
			knownRegions = (
				en,
				Base,
			);
			mainGroup = CE2E66D826C919E700AB6282;
			productRefGroup = CE2E66E926C919E800AB6282 /* Products */;
			projectDirPath = "";
			projectRoot = "";
			targets = (
				CE2E66E726C919E800AB6282 /* Trening_icloud3 (iOS) */,
				CE2E66EF26C919E800AB6282 /* Trening_icloud3 (macOS) */,
			);
		};
/* End PBXProject section */

/* Begin PBXResourcesBuildPhase section */
		CE2E66E626C919E800AB6282 /* Resources */ = {
			isa = PBXResourcesBuildPhase;
			buildActionMask = 2147483647;
			files = (
				CE2E66FC26C919E800AB6282 /* Assets.xcassets in Resources */,
			);
			runOnlyForDeploymentPostprocessing = 0;
		};
		CE2E66EE26C919E800AB6282 /* Resources */ = {
			isa = PBXResourcesBuildPhase;
			buildActionMask = 2147483647;
			files = (
				CE2E66FD26C919E800AB6282 /* Assets.xcassets in Resources */,
			);
			runOnlyForDeploymentPostprocessing = 0;
		};
/* End PBXResourcesBuildPhase section */

/* Begin PBXSourcesBuildPhase section */
		CE2E66E426C919E800AB6282 /* Sources */ = {
			isa = PBXSourcesBuildPhase;
			buildActionMask = 2147483647;
			files = (
				CE2E671326C9B4A600AB6282 /* ScreenFactory.swift in Sources */,
				CED0438826C93C9D00B7D003 /* TabBar.swift in Sources */,
				CED0435726C93C7C00B7D003 /* NavigationBarModifier.swift in Sources */,
				CED0435D26C93C8300B7D003 /* NavigationController.swift in Sources */,
				CED0438026C93C9800B7D003 /* ProjectDetailsScreen.swift in Sources */,
				CED043BB26C93CE200B7D003 /* InputsList.swift in Sources */,
				CE324AA826CDA7060029B2C4 /* YetAnotherCoreDataTest.swift in Sources */,
				CED0434F26C93C6300B7D003 /* CoreDataSaveModelPublisher.swift in Sources */,
				CED0434B26C93C6300B7D003 /* CustomButtonStyle.swift in Sources */,
				CED0436C26C93C8800B7D003 /* StackScreenViewController.swift in Sources */,
				CED0438426C93C9800B7D003 /* ProjectsScreen.swift in Sources */,
				CED043B326C93CDB00B7D003 /* ProjectsInteractor.swift in Sources */,
				CE2E671126C9B42F00AB6282 /* Model.xcdatamodeld in Sources */,
				CED043C126C93CE200B7D003 /* MacButton.swift in Sources */,
				CED0433F26C93C5800B7D003 /* AppState.swift in Sources */,
				CED0434D26C93C6300B7D003 /* ContentView.swift in Sources */,
				CED0435526C93C7C00B7D003 /* NavigationBar.swift in Sources */,
				CED0435F26C93C8300B7D003 /* InboxNavigationController.swift in Sources */,
				CED043AB26C93CDB00B7D003 /* Models.swift in Sources */,
				CED0439226C93CAB00B7D003 /* InputDetailsScreen_mac.swift in Sources */,
				CE2E671426C9B4B800AB6282 /* InputDetailsScreen.swift in Sources */,
				CED0438A26C93C9D00B7D003 /* SType.swift in Sources */,
				CED0434926C93C6300B7D003 /* Container.swift in Sources */,
				CED0437226C93C9000B7D003 /* Router.swift in Sources */,
				CED0439C26C93CB100B7D003 /* MiddleType.swift in Sources */,
				CED0436326C93C8300B7D003 /* ProjectNavigationController.swift in Sources */,
				CE2E670D26C9B3CE00AB6282 /* InputInteractor.swift in Sources */,
				CED0434726C93C6300B7D003 /* CurrentValueSubject+Extensions.swift in Sources */,
				CED0436826C93C8800B7D003 /* Strategy.swift in Sources */,
				CED0437026C93C9000B7D003 /* StackAction.swift in Sources */,
				CED0437E26C93C9800B7D003 /* TaskDetailsScreen.swift in Sources */,
				CED0437C26C93C9800B7D003 /* TaskScreen.swift in Sources */,
				CE2E66F826C919E800AB6282 /* ContentView.swift in Sources */,
				CED0436126C93C8300B7D003 /* TaskNavigationController.swift in Sources */,
				CE2E671626C9B52A00AB6282 /* Trening_icloud3.swift in Sources */,
				CED0435126C93C6300B7D003 /* CustomtextfieldStyle.swift in Sources */,
				CED043AD26C93CDB00B7D003 /* Persistance.swift in Sources */,
				CED043B526C93CDB00B7D003 /* TestCoreData_Combine.swift in Sources */,
				CED043B126C93CDB00B7D003 /* TaskInteractor.swift in Sources */,
				CED0438226C93C9800B7D003 /* InboxScreen.swift in Sources */,
				CED043BD26C93CE200B7D003 /* ProjectsList.swift in Sources */,
			);
			runOnlyForDeploymentPostprocessing = 0;
		};
		CE2E66EC26C919E800AB6282 /* Sources */ = {
			isa = PBXSourcesBuildPhase;
			buildActionMask = 2147483647;
			files = (
				CE2E670E26C9B3CE00AB6282 /* InputInteractor.swift in Sources */,
				CED043BC26C93CE200B7D003 /* InputsList.swift in Sources */,
				CE2E671726C9B52A00AB6282 /* Trening_icloud3.swift in Sources */,
				CED0435026C93C6300B7D003 /* CoreDataSaveModelPublisher.swift in Sources */,
				CED0439F26C93CB100B7D003 /* SideBarScreen.swift in Sources */,
				CED0434C26C93C6300B7D003 /* CustomButtonStyle.swift in Sources */,
				CED0439726C93CAB00B7D003 /* CanvasScreen.swift in Sources */,
				CED043B426C93CDB00B7D003 /* ProjectsInteractor.swift in Sources */,
				CED043C226C93CE200B7D003 /* MacButton.swift in Sources */,
				CED0434026C93C5800B7D003 /* AppState.swift in Sources */,
				CED0434E26C93C6300B7D003 /* ContentView.swift in Sources */,
				CED0435626C93C7C00B7D003 /* NavigationBar.swift in Sources */,
				CED043AC26C93CDB00B7D003 /* Models.swift in Sources */,
				CED043A126C93CB100B7D003 /* Router_mac.swift in Sources */,
				CED0439326C93CAB00B7D003 /* InputDetailsScreen_mac.swift in Sources */,
				CED0438B26C93C9D00B7D003 /* SType.swift in Sources */,
				CED0434A26C93C6300B7D003 /* Container.swift in Sources */,
				CED0439D26C93CB100B7D003 /* MiddleType.swift in Sources */,
				CED0434826C93C6300B7D003 /* CurrentValueSubject+Extensions.swift in Sources */,
				CED0436926C93C8800B7D003 /* Strategy.swift in Sources */,
				CED0439126C93CAB00B7D003 /* MacView.swift in Sources */,
				CE324AA926CDA7060029B2C4 /* YetAnotherCoreDataTest.swift in Sources */,
				CED0437126C93C9000B7D003 /* StackAction.swift in Sources */,
				CE2E671226C9B42F00AB6282 /* Model.xcdatamodeld in Sources */,
				CED0439526C93CAB00B7D003 /* MiddleBarScreen.swift in Sources */,
				CE2E66F926C919E800AB6282 /* ContentView.swift in Sources */,
				CED0435226C93C6300B7D003 /* CustomtextfieldStyle.swift in Sources */,
				CED043AE26C93CDB00B7D003 /* Persistance.swift in Sources */,
				CED043B626C93CDB00B7D003 /* TestCoreData_Combine.swift in Sources */,
				CED043B226C93CDB00B7D003 /* TaskInteractor.swift in Sources */,
				CED043C026C93CE200B7D003 /* TasksList.swift in Sources */,
				CED043A326C93CB100B7D003 /* TaskDetailsScreen_mac.swift in Sources */,
				CED043BE26C93CE200B7D003 /* ProjectsList.swift in Sources */,
			);
			runOnlyForDeploymentPostprocessing = 0;
		};
/* End PBXSourcesBuildPhase section */

/* Begin XCBuildConfiguration section */
		CE2E66FE26C919E800AB6282 /* Debug */ = {
			isa = XCBuildConfiguration;
			buildSettings = {
				ALWAYS_SEARCH_USER_PATHS = NO;
				CLANG_ANALYZER_NONNULL = YES;
				CLANG_ANALYZER_NUMBER_OBJECT_CONVERSION = YES_AGGRESSIVE;
				CLANG_CXX_LANGUAGE_STANDARD = "gnu++14";
				CLANG_CXX_LIBRARY = "libc++";
				CLANG_ENABLE_MODULES = YES;
				CLANG_ENABLE_OBJC_ARC = YES;
				CLANG_ENABLE_OBJC_WEAK = YES;
				CLANG_WARN_BLOCK_CAPTURE_AUTORELEASING = YES;
				CLANG_WARN_BOOL_CONVERSION = YES;
				CLANG_WARN_COMMA = YES;
				CLANG_WARN_CONSTANT_CONVERSION = YES;
				CLANG_WARN_DEPRECATED_OBJC_IMPLEMENTATIONS = YES;
				CLANG_WARN_DIRECT_OBJC_ISA_USAGE = YES_ERROR;
				CLANG_WARN_DOCUMENTATION_COMMENTS = YES;
				CLANG_WARN_EMPTY_BODY = YES;
				CLANG_WARN_ENUM_CONVERSION = YES;
				CLANG_WARN_INFINITE_RECURSION = YES;
				CLANG_WARN_INT_CONVERSION = YES;
				CLANG_WARN_NON_LITERAL_NULL_CONVERSION = YES;
				CLANG_WARN_OBJC_IMPLICIT_RETAIN_SELF = YES;
				CLANG_WARN_OBJC_LITERAL_CONVERSION = YES;
				CLANG_WARN_OBJC_ROOT_CLASS = YES_ERROR;
				CLANG_WARN_QUOTED_INCLUDE_IN_FRAMEWORK_HEADER = YES;
				CLANG_WARN_RANGE_LOOP_ANALYSIS = YES;
				CLANG_WARN_STRICT_PROTOTYPES = YES;
				CLANG_WARN_SUSPICIOUS_MOVE = YES;
				CLANG_WARN_UNGUARDED_AVAILABILITY = YES_AGGRESSIVE;
				CLANG_WARN_UNREACHABLE_CODE = YES;
				CLANG_WARN__DUPLICATE_METHOD_MATCH = YES;
				COPY_PHASE_STRIP = NO;
				DEBUG_INFORMATION_FORMAT = dwarf;
				ENABLE_STRICT_OBJC_MSGSEND = YES;
				ENABLE_TESTABILITY = YES;
				GCC_C_LANGUAGE_STANDARD = gnu11;
				GCC_DYNAMIC_NO_PIC = NO;
				GCC_NO_COMMON_BLOCKS = YES;
				GCC_OPTIMIZATION_LEVEL = 0;
				GCC_PREPROCESSOR_DEFINITIONS = (
					"DEBUG=1",
					"$(inherited)",
				);
				GCC_WARN_64_TO_32_BIT_CONVERSION = YES;
				GCC_WARN_ABOUT_RETURN_TYPE = YES_ERROR;
				GCC_WARN_UNDECLARED_SELECTOR = YES;
				GCC_WARN_UNINITIALIZED_AUTOS = YES_AGGRESSIVE;
				GCC_WARN_UNUSED_FUNCTION = YES;
				GCC_WARN_UNUSED_VARIABLE = YES;
				MTL_ENABLE_DEBUG_INFO = INCLUDE_SOURCE;
				MTL_FAST_MATH = YES;
				ONLY_ACTIVE_ARCH = YES;
				SWIFT_ACTIVE_COMPILATION_CONDITIONS = DEBUG;
				SWIFT_OPTIMIZATION_LEVEL = "-Onone";
			};
			name = Debug;
		};
		CE2E66FF26C919E800AB6282 /* Release */ = {
			isa = XCBuildConfiguration;
			buildSettings = {
				ALWAYS_SEARCH_USER_PATHS = NO;
				CLANG_ANALYZER_NONNULL = YES;
				CLANG_ANALYZER_NUMBER_OBJECT_CONVERSION = YES_AGGRESSIVE;
				CLANG_CXX_LANGUAGE_STANDARD = "gnu++14";
				CLANG_CXX_LIBRARY = "libc++";
				CLANG_ENABLE_MODULES = YES;
				CLANG_ENABLE_OBJC_ARC = YES;
				CLANG_ENABLE_OBJC_WEAK = YES;
				CLANG_WARN_BLOCK_CAPTURE_AUTORELEASING = YES;
				CLANG_WARN_BOOL_CONVERSION = YES;
				CLANG_WARN_COMMA = YES;
				CLANG_WARN_CONSTANT_CONVERSION = YES;
				CLANG_WARN_DEPRECATED_OBJC_IMPLEMENTATIONS = YES;
				CLANG_WARN_DIRECT_OBJC_ISA_USAGE = YES_ERROR;
				CLANG_WARN_DOCUMENTATION_COMMENTS = YES;
				CLANG_WARN_EMPTY_BODY = YES;
				CLANG_WARN_ENUM_CONVERSION = YES;
				CLANG_WARN_INFINITE_RECURSION = YES;
				CLANG_WARN_INT_CONVERSION = YES;
				CLANG_WARN_NON_LITERAL_NULL_CONVERSION = YES;
				CLANG_WARN_OBJC_IMPLICIT_RETAIN_SELF = YES;
				CLANG_WARN_OBJC_LITERAL_CONVERSION = YES;
				CLANG_WARN_OBJC_ROOT_CLASS = YES_ERROR;
				CLANG_WARN_QUOTED_INCLUDE_IN_FRAMEWORK_HEADER = YES;
				CLANG_WARN_RANGE_LOOP_ANALYSIS = YES;
				CLANG_WARN_STRICT_PROTOTYPES = YES;
				CLANG_WARN_SUSPICIOUS_MOVE = YES;
				CLANG_WARN_UNGUARDED_AVAILABILITY = YES_AGGRESSIVE;
				CLANG_WARN_UNREACHABLE_CODE = YES;
				CLANG_WARN__DUPLICATE_METHOD_MATCH = YES;
				COPY_PHASE_STRIP = NO;
				DEBUG_INFORMATION_FORMAT = "dwarf-with-dsym";
				ENABLE_NS_ASSERTIONS = NO;
				ENABLE_STRICT_OBJC_MSGSEND = YES;
				GCC_C_LANGUAGE_STANDARD = gnu11;
				GCC_NO_COMMON_BLOCKS = YES;
				GCC_WARN_64_TO_32_BIT_CONVERSION = YES;
				GCC_WARN_ABOUT_RETURN_TYPE = YES_ERROR;
				GCC_WARN_UNDECLARED_SELECTOR = YES;
				GCC_WARN_UNINITIALIZED_AUTOS = YES_AGGRESSIVE;
				GCC_WARN_UNUSED_FUNCTION = YES;
				GCC_WARN_UNUSED_VARIABLE = YES;
				MTL_ENABLE_DEBUG_INFO = NO;
				MTL_FAST_MATH = YES;
				SWIFT_COMPILATION_MODE = wholemodule;
				SWIFT_OPTIMIZATION_LEVEL = "-O";
			};
			name = Release;
		};
		CE2E670126C919E800AB6282 /* Debug */ = {
			isa = XCBuildConfiguration;
			buildSettings = {
				ASSETCATALOG_COMPILER_APPICON_NAME = AppIcon;
				ASSETCATALOG_COMPILER_GLOBAL_ACCENT_COLOR_NAME = AccentColor;
				CODE_SIGN_ENTITLEMENTS = Trening_icloud3.entitlements;
				CODE_SIGN_STYLE = Automatic;
				DEVELOPMENT_TEAM = RKV664A9KV;
				ENABLE_PREVIEWS = YES;
				INFOPLIST_FILE = iOS/Info.plist;
				IPHONEOS_DEPLOYMENT_TARGET = 14.0;
				LD_RUNPATH_SEARCH_PATHS = (
					"$(inherited)",
					"@executable_path/Frameworks",
				);
				PRODUCT_BUNDLE_IDENTIFIER = "com.slusarzjan.Trening-icloud3ios";
				PRODUCT_NAME = Trening_icloud3;
				SDKROOT = iphoneos;
				SWIFT_VERSION = 5.0;
				TARGETED_DEVICE_FAMILY = "1,2";
			};
			name = Debug;
		};
		CE2E670226C919E800AB6282 /* Release */ = {
			isa = XCBuildConfiguration;
			buildSettings = {
				ASSETCATALOG_COMPILER_APPICON_NAME = AppIcon;
				ASSETCATALOG_COMPILER_GLOBAL_ACCENT_COLOR_NAME = AccentColor;
				CODE_SIGN_ENTITLEMENTS = Trening_icloud3.entitlements;
				CODE_SIGN_STYLE = Automatic;
				DEVELOPMENT_TEAM = RKV664A9KV;
				ENABLE_PREVIEWS = YES;
				INFOPLIST_FILE = iOS/Info.plist;
				IPHONEOS_DEPLOYMENT_TARGET = 14.0;
				LD_RUNPATH_SEARCH_PATHS = (
					"$(inherited)",
					"@executable_path/Frameworks",
				);
				PRODUCT_BUNDLE_IDENTIFIER = "com.slusarzjan.Trening-icloud3ios";
				PRODUCT_NAME = Trening_icloud3;
				SDKROOT = iphoneos;
				SWIFT_VERSION = 5.0;
				TARGETED_DEVICE_FAMILY = "1,2";
				VALIDATE_PRODUCT = YES;
			};
			name = Release;
		};
		CE2E670426C919E800AB6282 /* Debug */ = {
			isa = XCBuildConfiguration;
			buildSettings = {
				ASSETCATALOG_COMPILER_APPICON_NAME = AppIcon;
				ASSETCATALOG_COMPILER_GLOBAL_ACCENT_COLOR_NAME = AccentColor;
				CODE_SIGN_ENTITLEMENTS = macOS/macOS.entitlements;
				CODE_SIGN_STYLE = Automatic;
				COMBINE_HIDPI_IMAGES = YES;
				DEVELOPMENT_TEAM = RKV664A9KV;
				ENABLE_HARDENED_RUNTIME = YES;
				ENABLE_PREVIEWS = YES;
				INFOPLIST_FILE = macOS/Info.plist;
				LD_RUNPATH_SEARCH_PATHS = (
					"$(inherited)",
					"@executable_path/../Frameworks",
				);
				MACOSX_DEPLOYMENT_TARGET = 11.0;
				PRODUCT_BUNDLE_IDENTIFIER = "com.slusarzjan.Trening-icloud3macos";
				PRODUCT_NAME = Trening_icloud3;
				SDKROOT = macosx;
				SWIFT_VERSION = 5.0;
			};
			name = Debug;
		};
		CE2E670526C919E800AB6282 /* Release */ = {
			isa = XCBuildConfiguration;
			buildSettings = {
				ASSETCATALOG_COMPILER_APPICON_NAME = AppIcon;
				ASSETCATALOG_COMPILER_GLOBAL_ACCENT_COLOR_NAME = AccentColor;
				CODE_SIGN_ENTITLEMENTS = macOS/macOS.entitlements;
				CODE_SIGN_STYLE = Automatic;
				COMBINE_HIDPI_IMAGES = YES;
				DEVELOPMENT_TEAM = RKV664A9KV;
				ENABLE_HARDENED_RUNTIME = YES;
				ENABLE_PREVIEWS = YES;
				INFOPLIST_FILE = macOS/Info.plist;
				LD_RUNPATH_SEARCH_PATHS = (
					"$(inherited)",
					"@executable_path/../Frameworks",
				);
				MACOSX_DEPLOYMENT_TARGET = 11.0;
				PRODUCT_BUNDLE_IDENTIFIER = "com.slusarzjan.Trening-icloud3macos";
				PRODUCT_NAME = Trening_icloud3;
				SDKROOT = macosx;
				SWIFT_VERSION = 5.0;
			};
			name = Release;
		};
/* End XCBuildConfiguration section */

/* Begin XCConfigurationList section */
		CE2E66DC26C919E700AB6282 /* Build configuration list for PBXProject "Trening_icloud3" */ = {
			isa = XCConfigurationList;
			buildConfigurations = (
				CE2E66FE26C919E800AB6282 /* Debug */,
				CE2E66FF26C919E800AB6282 /* Release */,
			);
			defaultConfigurationIsVisible = 0;
			defaultConfigurationName = Release;
		};
		CE2E670026C919E800AB6282 /* Build configuration list for PBXNativeTarget "Trening_icloud3 (iOS)" */ = {
			isa = XCConfigurationList;
			buildConfigurations = (
				CE2E670126C919E800AB6282 /* Debug */,
				CE2E670226C919E800AB6282 /* Release */,
			);
			defaultConfigurationIsVisible = 0;
			defaultConfigurationName = Release;
		};
		CE2E670326C919E800AB6282 /* Build configuration list for PBXNativeTarget "Trening_icloud3 (macOS)" */ = {
			isa = XCConfigurationList;
			buildConfigurations = (
				CE2E670426C919E800AB6282 /* Debug */,
				CE2E670526C919E800AB6282 /* Release */,
			);
			defaultConfigurationIsVisible = 0;
			defaultConfigurationName = Release;
		};
/* End XCConfigurationList section */

/* Begin XCVersionGroup section */
		CE2E670F26C9B42F00AB6282 /* Model.xcdatamodeld */ = {
			isa = XCVersionGroup;
			children = (
				CE2E671026C9B42F00AB6282 /* Model.xcdatamodel */,
			);
			currentVersion = CE2E671026C9B42F00AB6282 /* Model.xcdatamodel */;
			path = Model.xcdatamodeld;
			sourceTree = "<group>";
			versionGroupType = wrapper.xcdatamodel;
		};
/* End XCVersionGroup section */
	};
	rootObject = CE2E66D926C919E700AB6282 /* Project object */;
}
